// !$*UTF8*$!
{
	archiveVersion = 1;
	classes = {
	};
	objectVersion = 55;
	objects = {

/* Begin PBXBuildFile section */
		F61A649E27ABEDBB00348CB9 /* CoordinatorsTestTests.swift in Sources */ = {isa = PBXBuildFile; fileRef = F61A649D27ABEDBB00348CB9 /* CoordinatorsTestTests.swift */; };
		F61A64B127AC000700348CB9 /* Domain.framework in Frameworks */ = {isa = PBXBuildFile; fileRef = F61A64A927AC000700348CB9 /* Domain.framework */; };
		F61A64B827AC000700348CB9 /* DomainTests.swift in Sources */ = {isa = PBXBuildFile; fileRef = F61A64B727AC000700348CB9 /* DomainTests.swift */; };
		F61A64B927AC000700348CB9 /* Domain.h in Headers */ = {isa = PBXBuildFile; fileRef = F61A64AB27AC000700348CB9 /* Domain.h */; settings = {ATTRIBUTES = (Public, ); }; };
		F61A64C627AC002400348CB9 /* Meal.swift in Sources */ = {isa = PBXBuildFile; fileRef = F61A64C527AC002400348CB9 /* Meal.swift */; };
		F61A64CA27AC00C300348CB9 /* RecipesRepository.swift in Sources */ = {isa = PBXBuildFile; fileRef = F61A64C927AC00C300348CB9 /* RecipesRepository.swift */; };
		F61A64CC27AC012A00348CB9 /* GetMealCategoriesUseCase.swift in Sources */ = {isa = PBXBuildFile; fileRef = F61A64CB27AC012A00348CB9 /* GetMealCategoriesUseCase.swift */; };
		F61A64CE27AC014F00348CB9 /* MealCategory.swift in Sources */ = {isa = PBXBuildFile; fileRef = F61A64CD27AC014F00348CB9 /* MealCategory.swift */; };
		F61A64D127AC01B900348CB9 /* MealCategoriesRepository.swift in Sources */ = {isa = PBXBuildFile; fileRef = F61A64D027AC01B900348CB9 /* MealCategoriesRepository.swift */; };
		F61A64E127AC02F100348CB9 /* Data.framework in Frameworks */ = {isa = PBXBuildFile; fileRef = F61A64D927AC02F100348CB9 /* Data.framework */; };
		F61A64E927AC02F100348CB9 /* Data.h in Headers */ = {isa = PBXBuildFile; fileRef = F61A64DB27AC02F100348CB9 /* Data.h */; settings = {ATTRIBUTES = (Public, ); }; };
		F61A64EC27AC02F100348CB9 /* Data.framework in Frameworks */ = {isa = PBXBuildFile; fileRef = F61A64D927AC02F100348CB9 /* Data.framework */; };
		F61A64ED27AC02F100348CB9 /* Data.framework in Embed Frameworks */ = {isa = PBXBuildFile; fileRef = F61A64D927AC02F100348CB9 /* Data.framework */; settings = {ATTRIBUTES = (CodeSignOnCopy, RemoveHeadersOnCopy, ); }; };
		F61A64F527AC030F00348CB9 /* NetworkRepository.swift in Sources */ = {isa = PBXBuildFile; fileRef = F61A64F427AC030F00348CB9 /* NetworkRepository.swift */; };
		F61A64F727AC07E800348CB9 /* MealsRepositoryImpl.swift in Sources */ = {isa = PBXBuildFile; fileRef = F61A64F627AC07E800348CB9 /* MealsRepositoryImpl.swift */; };
		F61A64FA27AC090C00348CB9 /* MealCategoryCodable.swift in Sources */ = {isa = PBXBuildFile; fileRef = F61A64F927AC090C00348CB9 /* MealCategoryCodable.swift */; };
		F61A64FC27AC095F00348CB9 /* MealCategoryContainerCodable.swift in Sources */ = {isa = PBXBuildFile; fileRef = F61A64FB27AC095F00348CB9 /* MealCategoryContainerCodable.swift */; };
		F61A650227AC0FDB00348CB9 /* MealsCategoriesViewController.swift in Sources */ = {isa = PBXBuildFile; fileRef = F61A650127AC0FDA00348CB9 /* MealsCategoriesViewController.swift */; };
		F61A650827AC182400348CB9 /* MealsCategoriesViewModelProtocol.swift in Sources */ = {isa = PBXBuildFile; fileRef = F61A650727AC182400348CB9 /* MealsCategoriesViewModelProtocol.swift */; };
		F61A650B27AC328100348CB9 /* AppDependencyContainer.swift in Sources */ = {isa = PBXBuildFile; fileRef = F61A650A27AC328100348CB9 /* AppDependencyContainer.swift */; };
		F61A650D27AC334500348CB9 /* MealDependencyContainer.swift in Sources */ = {isa = PBXBuildFile; fileRef = F61A650C27AC334500348CB9 /* MealDependencyContainer.swift */; };
		F61A651027AC33E700348CB9 /* MealsCategoriesAssembler.swift in Sources */ = {isa = PBXBuildFile; fileRef = F61A650F27AC33E700348CB9 /* MealsCategoriesAssembler.swift */; };
		F61A651227AC362400348CB9 /* MealsCoordinator.swift in Sources */ = {isa = PBXBuildFile; fileRef = F61A651127AC362400348CB9 /* MealsCoordinator.swift */; };
		F61A651627AC3A8900348CB9 /* MealCategoryTableViewCell.swift in Sources */ = {isa = PBXBuildFile; fileRef = F61A651427AC3A8900348CB9 /* MealCategoryTableViewCell.swift */; };
		F61A651727AC3A8900348CB9 /* MealCategoryTableViewCell.xib in Resources */ = {isa = PBXBuildFile; fileRef = F61A651527AC3A8900348CB9 /* MealCategoryTableViewCell.xib */; };
		F61A651927AC401300348CB9 /* UIImageView + Fetching.swift in Sources */ = {isa = PBXBuildFile; fileRef = F61A651827AC401300348CB9 /* UIImageView + Fetching.swift */; };
		F61A651C27AC465300348CB9 /* WeakRefCoordinatorWrapper.swift in Sources */ = {isa = PBXBuildFile; fileRef = F61A651B27AC465300348CB9 /* WeakRefCoordinatorWrapper.swift */; };
		F61A652027AC46B800348CB9 /* ModuleOutput.swift in Sources */ = {isa = PBXBuildFile; fileRef = F61A651F27AC46B800348CB9 /* ModuleOutput.swift */; };
		F61A652227AC46E200348CB9 /* MealsCategoriesOutput.swift in Sources */ = {isa = PBXBuildFile; fileRef = F61A652127AC46E200348CB9 /* MealsCategoriesOutput.swift */; };
		F61A652427AC48DC00348CB9 /* GetMealByCategoryUseCase.swift in Sources */ = {isa = PBXBuildFile; fileRef = F61A652327AC48DC00348CB9 /* GetMealByCategoryUseCase.swift */; };
		F61A652627AC49C600348CB9 /* MealsByCategoryRepository.swift in Sources */ = {isa = PBXBuildFile; fileRef = F61A652527AC49C600348CB9 /* MealsByCategoryRepository.swift */; };
		F61A652827AC4B7E00348CB9 /* MealDecodable.swift in Sources */ = {isa = PBXBuildFile; fileRef = F61A652727AC4B7E00348CB9 /* MealDecodable.swift */; };
		F61A652A27AC570800348CB9 /* MealsContainerDecodable.swift in Sources */ = {isa = PBXBuildFile; fileRef = F61A652927AC570800348CB9 /* MealsContainerDecodable.swift */; };
		F61A652D27AC57C000348CB9 /* MealsViewController.swift in Sources */ = {isa = PBXBuildFile; fileRef = F61A652C27AC57C000348CB9 /* MealsViewController.swift */; };
		F61A652F27AC57F500348CB9 /* MealsViewModelProtocol.swift in Sources */ = {isa = PBXBuildFile; fileRef = F61A652E27AC57F500348CB9 /* MealsViewModelProtocol.swift */; };
		F61A653127AC5B6300348CB9 /* MealsAssembable.swift in Sources */ = {isa = PBXBuildFile; fileRef = F61A653027AC5B6300348CB9 /* MealsAssembable.swift */; };
		F61A653327AC5B8B00348CB9 /* MealsOutput.swift in Sources */ = {isa = PBXBuildFile; fileRef = F61A653227AC5B8B00348CB9 /* MealsOutput.swift */; };
		F61A653527AC5FB200348CB9 /* AppCoordinator.swift in Sources */ = {isa = PBXBuildFile; fileRef = F61A653427AC5FB200348CB9 /* AppCoordinator.swift */; };
		F61A653927AC65B800348CB9 /* MealTableViewCell.swift in Sources */ = {isa = PBXBuildFile; fileRef = F61A653727AC65B800348CB9 /* MealTableViewCell.swift */; };
		F61A653A27AC65B800348CB9 /* MealTableViewCell.xib in Resources */ = {isa = PBXBuildFile; fileRef = F61A653827AC65B800348CB9 /* MealTableViewCell.xib */; };
		F6A878E927A958100029DC63 /* AppDelegate.swift in Sources */ = {isa = PBXBuildFile; fileRef = F6A878E827A958100029DC63 /* AppDelegate.swift */; };
		F6A878EB27A958100029DC63 /* SceneDelegate.swift in Sources */ = {isa = PBXBuildFile; fileRef = F6A878EA27A958100029DC63 /* SceneDelegate.swift */; };
		F6A878F227A958120029DC63 /* Assets.xcassets in Resources */ = {isa = PBXBuildFile; fileRef = F6A878F127A958120029DC63 /* Assets.xcassets */; };
		F6A878F527A958120029DC63 /* LaunchScreen.storyboard in Resources */ = {isa = PBXBuildFile; fileRef = F6A878F327A958120029DC63 /* LaunchScreen.storyboard */; };
		F6A8790127A9592E0029DC63 /* Coordinator.swift in Sources */ = {isa = PBXBuildFile; fileRef = F6A8790027A9592E0029DC63 /* Coordinator.swift */; };
		F90B818827AC7B210055AB9C /* MealDetailsRepository.swift in Sources */ = {isa = PBXBuildFile; fileRef = F90B818727AC7B210055AB9C /* MealDetailsRepository.swift */; };
		F90B818A27AC7B5B0055AB9C /* MealDetails.swift in Sources */ = {isa = PBXBuildFile; fileRef = F90B818927AC7B5B0055AB9C /* MealDetails.swift */; };
		F90B818C27AC7C160055AB9C /* MealIngredient.swift in Sources */ = {isa = PBXBuildFile; fileRef = F90B818B27AC7C160055AB9C /* MealIngredient.swift */; };
		F90B818E27AC7D760055AB9C /* GetMealDetailsByIdUseCase.swift in Sources */ = {isa = PBXBuildFile; fileRef = F90B818D27AC7D760055AB9C /* GetMealDetailsByIdUseCase.swift */; };
		F90B819027AC7E220055AB9C /* MealDetailsDecodable.swift in Sources */ = {isa = PBXBuildFile; fileRef = F90B818F27AC7E210055AB9C /* MealDetailsDecodable.swift */; };
		F90B819227AC82170055AB9C /* MealDetailsContainerDecodable.swift in Sources */ = {isa = PBXBuildFile; fileRef = F90B819127AC82170055AB9C /* MealDetailsContainerDecodable.swift */; };
		F90B819627AC82EE0055AB9C /* MealDetailsViewController.swift in Sources */ = {isa = PBXBuildFile; fileRef = F90B819427AC82EE0055AB9C /* MealDetailsViewController.swift */; };
		F90B819727AC82EE0055AB9C /* MealDetailsViewController.xib in Resources */ = {isa = PBXBuildFile; fileRef = F90B819527AC82EE0055AB9C /* MealDetailsViewController.xib */; };
		F90B819927AC831B0055AB9C /* MealDetailsViewModelProtocol.swift in Sources */ = {isa = PBXBuildFile; fileRef = F90B819827AC831B0055AB9C /* MealDetailsViewModelProtocol.swift */; };
		F90B819B27AC835F0055AB9C /* MealDetailsOutput.swift in Sources */ = {isa = PBXBuildFile; fileRef = F90B819A27AC835F0055AB9C /* MealDetailsOutput.swift */; };
		F90B819D27AC84B00055AB9C /* MealDetailsAssembler.swift in Sources */ = {isa = PBXBuildFile; fileRef = F90B819C27AC84B00055AB9C /* MealDetailsAssembler.swift */; };
		F90B819F27AC86840055AB9C /* MealDetailsCoordinator.swift in Sources */ = {isa = PBXBuildFile; fileRef = F90B819E27AC86840055AB9C /* MealDetailsCoordinator.swift */; };
		F90D45522985444600703CB4 /* Domain.framework in Frameworks */ = {isa = PBXBuildFile; fileRef = F61A64A927AC000700348CB9 /* Domain.framework */; };
		F90D45532985444600703CB4 /* Domain.framework in Embed Frameworks */ = {isa = PBXBuildFile; fileRef = F61A64A927AC000700348CB9 /* Domain.framework */; settings = {ATTRIBUTES = (CodeSignOnCopy, RemoveHeadersOnCopy, ); }; };
		F90D4559298549E600703CB4 /* ViewModel.swift in Sources */ = {isa = PBXBuildFile; fileRef = F90D4558298549E600703CB4 /* ViewModel.swift */; };
		F90D455B29854BD000703CB4 /* BaseTableViewController.swift in Sources */ = {isa = PBXBuildFile; fileRef = F90D455A29854BD000703CB4 /* BaseTableViewController.swift */; };
		F943A5E62860FAF3001D3660 /* DimmingTransitionPresentationController.swift in Sources */ = {isa = PBXBuildFile; fileRef = F943A5E52860FAF3001D3660 /* DimmingTransitionPresentationController.swift */; };
		F943A5E82860FD5A001D3660 /* ViewControllerTransitionAnimator.swift in Sources */ = {isa = PBXBuildFile; fileRef = F943A5E72860FD5A001D3660 /* ViewControllerTransitionAnimator.swift */; };
		F943A5EA2860FF41001D3660 /* ViewControllerTransitionAnimation.swift in Sources */ = {isa = PBXBuildFile; fileRef = F943A5E92860FF41001D3660 /* ViewControllerTransitionAnimation.swift */; };
		F943A5EC2861049B001D3660 /* ViewControllerTransitionManager.swift in Sources */ = {isa = PBXBuildFile; fileRef = F943A5EB2861049B001D3660 /* ViewControllerTransitionManager.swift */; };
		F943A5EE286105C2001D3660 /* CustomViewControllerPresentable.swift in Sources */ = {isa = PBXBuildFile; fileRef = F943A5ED286105C2001D3660 /* CustomViewControllerPresentable.swift */; };
		F943A5F1286108A9001D3660 /* ViewControllerVerticalPresentingAnimation.swift in Sources */ = {isa = PBXBuildFile; fileRef = F943A5F0286108A9001D3660 /* ViewControllerVerticalPresentingAnimation.swift */; };
		F943A5F3286108DC001D3660 /* ViewControllerRoundedPresentingAnimation.swift in Sources */ = {isa = PBXBuildFile; fileRef = F943A5F2286108DC001D3660 /* ViewControllerRoundedPresentingAnimation.swift */; };
		F984C03327E27F940094332E /* Domain.framework in Resources */ = {isa = PBXBuildFile; fileRef = F61A64A927AC000700348CB9 /* Domain.framework */; };
		F9ADAF2929A80FD500FC3D18 /* Domain.framework in Frameworks */ = {isa = PBXBuildFile; fileRef = F61A64A927AC000700348CB9 /* Domain.framework */; };
		F9ADAF2A29A80FD500FC3D18 /* Domain.framework in Embed Frameworks */ = {isa = PBXBuildFile; fileRef = F61A64A927AC000700348CB9 /* Domain.framework */; settings = {ATTRIBUTES = (CodeSignOnCopy, RemoveHeadersOnCopy, ); }; };
		F9AF741B29A29C4F00871AED /* NetworkRepositoryTests.swift in Sources */ = {isa = PBXBuildFile; fileRef = F9AF741A29A29C4F00871AED /* NetworkRepositoryTests.swift */; };
		F9AF741E29A29D0200871AED /* HTTPStub.swift in Sources */ = {isa = PBXBuildFile; fileRef = F9AF741D29A29D0200871AED /* HTTPStub.swift */; };
		F9AF742129A2A6DE00871AED /* CategoriesStub.json in Resources */ = {isa = PBXBuildFile; fileRef = F9AF742029A2A6B400871AED /* CategoriesStub.json */; };
		F9AF742329A2B4C000871AED /* StubProvider.swift in Sources */ = {isa = PBXBuildFile; fileRef = F9AF742229A2B4C000871AED /* StubProvider.swift */; };
		F9AF742629A2BCD800871AED /* XCTestCase + DeallocationCheck.swift in Sources */ = {isa = PBXBuildFile; fileRef = F9AF742529A2BCD800871AED /* XCTestCase + DeallocationCheck.swift */; };
		F9AF742A29A2BE0A00871AED /* CreationalFunctions.swift in Sources */ = {isa = PBXBuildFile; fileRef = F9AF742929A2BE0A00871AED /* CreationalFunctions.swift */; };
		F9AF742C29A2BE3F00871AED /* StubsCreations.swift in Sources */ = {isa = PBXBuildFile; fileRef = F9AF742B29A2BE3F00871AED /* StubsCreations.swift */; };
		F9AF742E29A2BF8900871AED /* MealCategoryCodableTests.swift in Sources */ = {isa = PBXBuildFile; fileRef = F9AF742D29A2BF8900871AED /* MealCategoryCodableTests.swift */; };
		F9AF743029A2C19E00871AED /* MealDecodableTests.swift in Sources */ = {isa = PBXBuildFile; fileRef = F9AF742F29A2C19E00871AED /* MealDecodableTests.swift */; };
		F9AF743229A2C2E100871AED /* MealDetailsDecodableTests.swift in Sources */ = {isa = PBXBuildFile; fileRef = F9AF743129A2C2E100871AED /* MealDetailsDecodableTests.swift */; };
		F9AF743429A2CF6D00871AED /* MealsRepositoryTests.swift in Sources */ = {isa = PBXBuildFile; fileRef = F9AF743329A2CF6D00871AED /* MealsRepositoryTests.swift */; };
		F9AF743629A2CFA800871AED /* MockNetworkRepository.swift in Sources */ = {isa = PBXBuildFile; fileRef = F9AF743529A2CFA800871AED /* MockNetworkRepository.swift */; };
		F9F9707A29AA988F000EEF98 /* BaseViewController.swift in Sources */ = {isa = PBXBuildFile; fileRef = F9F9707929AA988F000EEF98 /* BaseViewController.swift */; };
		F9F9707C29AA98CC000EEF98 /* UIViewController + CustomDeinitPrinting.swift in Sources */ = {isa = PBXBuildFile; fileRef = F9F9707B29AA98CC000EEF98 /* UIViewController + CustomDeinitPrinting.swift */; };
		F9F9707E29AA9B95000EEF98 /* DataBaseService.swift in Sources */ = {isa = PBXBuildFile; fileRef = F9F9707D29AA9B95000EEF98 /* DataBaseService.swift */; };
/* End PBXBuildFile section */

/* Begin PBXContainerItemProxy section */
		F61A649F27ABEDBB00348CB9 /* PBXContainerItemProxy */ = {
			isa = PBXContainerItemProxy;
			containerPortal = F6A878DD27A958100029DC63 /* Project object */;
			proxyType = 1;
			remoteGlobalIDString = F6A878E427A958100029DC63;
			remoteInfo = CoordinatorsTest;
		};
		F61A64B227AC000700348CB9 /* PBXContainerItemProxy */ = {
			isa = PBXContainerItemProxy;
			containerPortal = F6A878DD27A958100029DC63 /* Project object */;
			proxyType = 1;
			remoteGlobalIDString = F61A64A827AC000700348CB9;
			remoteInfo = Domain;
		};
		F61A64B427AC000700348CB9 /* PBXContainerItemProxy */ = {
			isa = PBXContainerItemProxy;
			containerPortal = F6A878DD27A958100029DC63 /* Project object */;
			proxyType = 1;
			remoteGlobalIDString = F6A878E427A958100029DC63;
			remoteInfo = CoordinatorsTest;
		};
		F61A64E227AC02F100348CB9 /* PBXContainerItemProxy */ = {
			isa = PBXContainerItemProxy;
			containerPortal = F6A878DD27A958100029DC63 /* Project object */;
			proxyType = 1;
			remoteGlobalIDString = F61A64D827AC02F100348CB9;
			remoteInfo = Data;
		};
		F61A64E427AC02F100348CB9 /* PBXContainerItemProxy */ = {
			isa = PBXContainerItemProxy;
			containerPortal = F6A878DD27A958100029DC63 /* Project object */;
			proxyType = 1;
			remoteGlobalIDString = F6A878E427A958100029DC63;
			remoteInfo = CoordinatorsTest;
		};
		F61A64EA27AC02F100348CB9 /* PBXContainerItemProxy */ = {
			isa = PBXContainerItemProxy;
			containerPortal = F6A878DD27A958100029DC63 /* Project object */;
			proxyType = 1;
			remoteGlobalIDString = F61A64D827AC02F100348CB9;
			remoteInfo = Data;
		};
		F90D45542985444600703CB4 /* PBXContainerItemProxy */ = {
			isa = PBXContainerItemProxy;
			containerPortal = F6A878DD27A958100029DC63 /* Project object */;
			proxyType = 1;
			remoteGlobalIDString = F61A64A827AC000700348CB9;
			remoteInfo = Domain;
		};
		F9ADAF2B29A80FD500FC3D18 /* PBXContainerItemProxy */ = {
			isa = PBXContainerItemProxy;
			containerPortal = F6A878DD27A958100029DC63 /* Project object */;
			proxyType = 1;
			remoteGlobalIDString = F61A64A827AC000700348CB9;
			remoteInfo = Domain;
		};
/* End PBXContainerItemProxy section */

/* Begin PBXCopyFilesBuildPhase section */
		F61A64C127AC000700348CB9 /* Embed Frameworks */ = {
			isa = PBXCopyFilesBuildPhase;
			buildActionMask = 2147483647;
			dstPath = "";
			dstSubfolderSpec = 10;
			files = (
				F9ADAF2A29A80FD500FC3D18 /* Domain.framework in Embed Frameworks */,
				F61A64ED27AC02F100348CB9 /* Data.framework in Embed Frameworks */,
			);
			name = "Embed Frameworks";
			runOnlyForDeploymentPostprocessing = 0;
		};
		F90D45562985444600703CB4 /* Embed Frameworks */ = {
			isa = PBXCopyFilesBuildPhase;
			buildActionMask = 2147483647;
			dstPath = "";
			dstSubfolderSpec = 10;
			files = (
				F90D45532985444600703CB4 /* Domain.framework in Embed Frameworks */,
			);
			name = "Embed Frameworks";
			runOnlyForDeploymentPostprocessing = 0;
		};
/* End PBXCopyFilesBuildPhase section */

/* Begin PBXFileReference section */
		F61A649B27ABEDBB00348CB9 /* CoordinatorsTestTests.xctest */ = {isa = PBXFileReference; explicitFileType = wrapper.cfbundle; includeInIndex = 0; path = CoordinatorsTestTests.xctest; sourceTree = BUILT_PRODUCTS_DIR; };
		F61A649D27ABEDBB00348CB9 /* CoordinatorsTestTests.swift */ = {isa = PBXFileReference; lastKnownFileType = sourcecode.swift; path = CoordinatorsTestTests.swift; sourceTree = "<group>"; };
		F61A64A927AC000700348CB9 /* Domain.framework */ = {isa = PBXFileReference; explicitFileType = wrapper.framework; includeInIndex = 0; path = Domain.framework; sourceTree = BUILT_PRODUCTS_DIR; };
		F61A64AB27AC000700348CB9 /* Domain.h */ = {isa = PBXFileReference; lastKnownFileType = sourcecode.c.h; path = Domain.h; sourceTree = "<group>"; };
		F61A64B027AC000700348CB9 /* DomainTests.xctest */ = {isa = PBXFileReference; explicitFileType = wrapper.cfbundle; includeInIndex = 0; path = DomainTests.xctest; sourceTree = BUILT_PRODUCTS_DIR; };
		F61A64B727AC000700348CB9 /* DomainTests.swift */ = {isa = PBXFileReference; lastKnownFileType = sourcecode.swift; path = DomainTests.swift; sourceTree = "<group>"; };
		F61A64C527AC002400348CB9 /* Meal.swift */ = {isa = PBXFileReference; lastKnownFileType = sourcecode.swift; path = Meal.swift; sourceTree = "<group>"; };
		F61A64C927AC00C300348CB9 /* RecipesRepository.swift */ = {isa = PBXFileReference; lastKnownFileType = sourcecode.swift; path = RecipesRepository.swift; sourceTree = "<group>"; };
		F61A64CB27AC012A00348CB9 /* GetMealCategoriesUseCase.swift */ = {isa = PBXFileReference; lastKnownFileType = sourcecode.swift; path = GetMealCategoriesUseCase.swift; sourceTree = "<group>"; };
		F61A64CD27AC014F00348CB9 /* MealCategory.swift */ = {isa = PBXFileReference; lastKnownFileType = sourcecode.swift; path = MealCategory.swift; sourceTree = "<group>"; };
		F61A64D027AC01B900348CB9 /* MealCategoriesRepository.swift */ = {isa = PBXFileReference; lastKnownFileType = sourcecode.swift; path = MealCategoriesRepository.swift; sourceTree = "<group>"; };
		F61A64D927AC02F100348CB9 /* Data.framework */ = {isa = PBXFileReference; explicitFileType = wrapper.framework; includeInIndex = 0; path = Data.framework; sourceTree = BUILT_PRODUCTS_DIR; };
		F61A64DB27AC02F100348CB9 /* Data.h */ = {isa = PBXFileReference; lastKnownFileType = sourcecode.c.h; path = Data.h; sourceTree = "<group>"; };
		F61A64E027AC02F100348CB9 /* DataTests.xctest */ = {isa = PBXFileReference; explicitFileType = wrapper.cfbundle; includeInIndex = 0; path = DataTests.xctest; sourceTree = BUILT_PRODUCTS_DIR; };
		F61A64F427AC030F00348CB9 /* NetworkRepository.swift */ = {isa = PBXFileReference; lastKnownFileType = sourcecode.swift; path = NetworkRepository.swift; sourceTree = "<group>"; };
		F61A64F627AC07E800348CB9 /* MealsRepositoryImpl.swift */ = {isa = PBXFileReference; lastKnownFileType = sourcecode.swift; path = MealsRepositoryImpl.swift; sourceTree = "<group>"; };
		F61A64F927AC090C00348CB9 /* MealCategoryCodable.swift */ = {isa = PBXFileReference; lastKnownFileType = sourcecode.swift; path = MealCategoryCodable.swift; sourceTree = "<group>"; };
		F61A64FB27AC095F00348CB9 /* MealCategoryContainerCodable.swift */ = {isa = PBXFileReference; lastKnownFileType = sourcecode.swift; path = MealCategoryContainerCodable.swift; sourceTree = "<group>"; };
		F61A650127AC0FDA00348CB9 /* MealsCategoriesViewController.swift */ = {isa = PBXFileReference; lastKnownFileType = sourcecode.swift; path = MealsCategoriesViewController.swift; sourceTree = "<group>"; };
		F61A650727AC182400348CB9 /* MealsCategoriesViewModelProtocol.swift */ = {isa = PBXFileReference; lastKnownFileType = sourcecode.swift; path = MealsCategoriesViewModelProtocol.swift; sourceTree = "<group>"; };
		F61A650A27AC328100348CB9 /* AppDependencyContainer.swift */ = {isa = PBXFileReference; lastKnownFileType = sourcecode.swift; path = AppDependencyContainer.swift; sourceTree = "<group>"; };
		F61A650C27AC334500348CB9 /* MealDependencyContainer.swift */ = {isa = PBXFileReference; lastKnownFileType = sourcecode.swift; path = MealDependencyContainer.swift; sourceTree = "<group>"; };
		F61A650F27AC33E700348CB9 /* MealsCategoriesAssembler.swift */ = {isa = PBXFileReference; lastKnownFileType = sourcecode.swift; path = MealsCategoriesAssembler.swift; sourceTree = "<group>"; };
		F61A651127AC362400348CB9 /* MealsCoordinator.swift */ = {isa = PBXFileReference; lastKnownFileType = sourcecode.swift; path = MealsCoordinator.swift; sourceTree = "<group>"; };
		F61A651427AC3A8900348CB9 /* MealCategoryTableViewCell.swift */ = {isa = PBXFileReference; lastKnownFileType = sourcecode.swift; path = MealCategoryTableViewCell.swift; sourceTree = "<group>"; };
		F61A651527AC3A8900348CB9 /* MealCategoryTableViewCell.xib */ = {isa = PBXFileReference; lastKnownFileType = file.xib; path = MealCategoryTableViewCell.xib; sourceTree = "<group>"; };
		F61A651827AC401300348CB9 /* UIImageView + Fetching.swift */ = {isa = PBXFileReference; lastKnownFileType = sourcecode.swift; path = "UIImageView + Fetching.swift"; sourceTree = "<group>"; };
		F61A651B27AC465300348CB9 /* WeakRefCoordinatorWrapper.swift */ = {isa = PBXFileReference; lastKnownFileType = sourcecode.swift; path = WeakRefCoordinatorWrapper.swift; sourceTree = "<group>"; };
		F61A651F27AC46B800348CB9 /* ModuleOutput.swift */ = {isa = PBXFileReference; lastKnownFileType = sourcecode.swift; path = ModuleOutput.swift; sourceTree = "<group>"; };
		F61A652127AC46E200348CB9 /* MealsCategoriesOutput.swift */ = {isa = PBXFileReference; lastKnownFileType = sourcecode.swift; path = MealsCategoriesOutput.swift; sourceTree = "<group>"; };
		F61A652327AC48DC00348CB9 /* GetMealByCategoryUseCase.swift */ = {isa = PBXFileReference; lastKnownFileType = sourcecode.swift; path = GetMealByCategoryUseCase.swift; sourceTree = "<group>"; };
		F61A652527AC49C600348CB9 /* MealsByCategoryRepository.swift */ = {isa = PBXFileReference; lastKnownFileType = sourcecode.swift; path = MealsByCategoryRepository.swift; sourceTree = "<group>"; };
		F61A652727AC4B7E00348CB9 /* MealDecodable.swift */ = {isa = PBXFileReference; lastKnownFileType = sourcecode.swift; path = MealDecodable.swift; sourceTree = "<group>"; };
		F61A652927AC570800348CB9 /* MealsContainerDecodable.swift */ = {isa = PBXFileReference; lastKnownFileType = sourcecode.swift; path = MealsContainerDecodable.swift; sourceTree = "<group>"; };
		F61A652C27AC57C000348CB9 /* MealsViewController.swift */ = {isa = PBXFileReference; lastKnownFileType = sourcecode.swift; path = MealsViewController.swift; sourceTree = "<group>"; };
		F61A652E27AC57F500348CB9 /* MealsViewModelProtocol.swift */ = {isa = PBXFileReference; lastKnownFileType = sourcecode.swift; path = MealsViewModelProtocol.swift; sourceTree = "<group>"; };
		F61A653027AC5B6300348CB9 /* MealsAssembable.swift */ = {isa = PBXFileReference; lastKnownFileType = sourcecode.swift; path = MealsAssembable.swift; sourceTree = "<group>"; };
		F61A653227AC5B8B00348CB9 /* MealsOutput.swift */ = {isa = PBXFileReference; lastKnownFileType = sourcecode.swift; path = MealsOutput.swift; sourceTree = "<group>"; };
		F61A653427AC5FB200348CB9 /* AppCoordinator.swift */ = {isa = PBXFileReference; lastKnownFileType = sourcecode.swift; path = AppCoordinator.swift; sourceTree = "<group>"; };
		F61A653727AC65B800348CB9 /* MealTableViewCell.swift */ = {isa = PBXFileReference; lastKnownFileType = sourcecode.swift; path = MealTableViewCell.swift; sourceTree = "<group>"; };
		F61A653827AC65B800348CB9 /* MealTableViewCell.xib */ = {isa = PBXFileReference; lastKnownFileType = file.xib; path = MealTableViewCell.xib; sourceTree = "<group>"; };
		F6A878E527A958100029DC63 /* CoordinatorsTest.app */ = {isa = PBXFileReference; explicitFileType = wrapper.application; includeInIndex = 0; path = CoordinatorsTest.app; sourceTree = BUILT_PRODUCTS_DIR; };
		F6A878E827A958100029DC63 /* AppDelegate.swift */ = {isa = PBXFileReference; lastKnownFileType = sourcecode.swift; path = AppDelegate.swift; sourceTree = "<group>"; };
		F6A878EA27A958100029DC63 /* SceneDelegate.swift */ = {isa = PBXFileReference; lastKnownFileType = sourcecode.swift; path = SceneDelegate.swift; sourceTree = "<group>"; };
		F6A878F127A958120029DC63 /* Assets.xcassets */ = {isa = PBXFileReference; lastKnownFileType = folder.assetcatalog; path = Assets.xcassets; sourceTree = "<group>"; };
		F6A878F427A958120029DC63 /* Base */ = {isa = PBXFileReference; lastKnownFileType = file.storyboard; name = Base; path = Base.lproj/LaunchScreen.storyboard; sourceTree = "<group>"; };
		F6A878F627A958120029DC63 /* Info.plist */ = {isa = PBXFileReference; lastKnownFileType = text.plist.xml; path = Info.plist; sourceTree = "<group>"; };
		F6A8790027A9592E0029DC63 /* Coordinator.swift */ = {isa = PBXFileReference; lastKnownFileType = sourcecode.swift; path = Coordinator.swift; sourceTree = "<group>"; };
		F90B818727AC7B210055AB9C /* MealDetailsRepository.swift */ = {isa = PBXFileReference; lastKnownFileType = sourcecode.swift; path = MealDetailsRepository.swift; sourceTree = "<group>"; };
		F90B818927AC7B5B0055AB9C /* MealDetails.swift */ = {isa = PBXFileReference; lastKnownFileType = sourcecode.swift; path = MealDetails.swift; sourceTree = "<group>"; };
		F90B818B27AC7C160055AB9C /* MealIngredient.swift */ = {isa = PBXFileReference; lastKnownFileType = sourcecode.swift; path = MealIngredient.swift; sourceTree = "<group>"; };
		F90B818D27AC7D760055AB9C /* GetMealDetailsByIdUseCase.swift */ = {isa = PBXFileReference; lastKnownFileType = sourcecode.swift; path = GetMealDetailsByIdUseCase.swift; sourceTree = "<group>"; };
		F90B818F27AC7E210055AB9C /* MealDetailsDecodable.swift */ = {isa = PBXFileReference; lastKnownFileType = sourcecode.swift; path = MealDetailsDecodable.swift; sourceTree = "<group>"; };
		F90B819127AC82170055AB9C /* MealDetailsContainerDecodable.swift */ = {isa = PBXFileReference; lastKnownFileType = sourcecode.swift; path = MealDetailsContainerDecodable.swift; sourceTree = "<group>"; };
		F90B819427AC82EE0055AB9C /* MealDetailsViewController.swift */ = {isa = PBXFileReference; lastKnownFileType = sourcecode.swift; path = MealDetailsViewController.swift; sourceTree = "<group>"; };
		F90B819527AC82EE0055AB9C /* MealDetailsViewController.xib */ = {isa = PBXFileReference; lastKnownFileType = file.xib; path = MealDetailsViewController.xib; sourceTree = "<group>"; };
		F90B819827AC831B0055AB9C /* MealDetailsViewModelProtocol.swift */ = {isa = PBXFileReference; lastKnownFileType = sourcecode.swift; path = MealDetailsViewModelProtocol.swift; sourceTree = "<group>"; };
		F90B819A27AC835F0055AB9C /* MealDetailsOutput.swift */ = {isa = PBXFileReference; lastKnownFileType = sourcecode.swift; path = MealDetailsOutput.swift; sourceTree = "<group>"; };
		F90B819C27AC84B00055AB9C /* MealDetailsAssembler.swift */ = {isa = PBXFileReference; lastKnownFileType = sourcecode.swift; path = MealDetailsAssembler.swift; sourceTree = "<group>"; };
		F90B819E27AC86840055AB9C /* MealDetailsCoordinator.swift */ = {isa = PBXFileReference; lastKnownFileType = sourcecode.swift; path = MealDetailsCoordinator.swift; sourceTree = "<group>"; };
		F90D4558298549E600703CB4 /* ViewModel.swift */ = {isa = PBXFileReference; lastKnownFileType = sourcecode.swift; path = ViewModel.swift; sourceTree = "<group>"; };
		F90D455A29854BD000703CB4 /* BaseTableViewController.swift */ = {isa = PBXFileReference; lastKnownFileType = sourcecode.swift; path = BaseTableViewController.swift; sourceTree = "<group>"; };
		F943A5E52860FAF3001D3660 /* DimmingTransitionPresentationController.swift */ = {isa = PBXFileReference; lastKnownFileType = sourcecode.swift; path = DimmingTransitionPresentationController.swift; sourceTree = "<group>"; };
		F943A5E72860FD5A001D3660 /* ViewControllerTransitionAnimator.swift */ = {isa = PBXFileReference; lastKnownFileType = sourcecode.swift; path = ViewControllerTransitionAnimator.swift; sourceTree = "<group>"; };
		F943A5E92860FF41001D3660 /* ViewControllerTransitionAnimation.swift */ = {isa = PBXFileReference; lastKnownFileType = sourcecode.swift; path = ViewControllerTransitionAnimation.swift; sourceTree = "<group>"; };
		F943A5EB2861049B001D3660 /* ViewControllerTransitionManager.swift */ = {isa = PBXFileReference; lastKnownFileType = sourcecode.swift; path = ViewControllerTransitionManager.swift; sourceTree = "<group>"; };
		F943A5ED286105C2001D3660 /* CustomViewControllerPresentable.swift */ = {isa = PBXFileReference; lastKnownFileType = sourcecode.swift; path = CustomViewControllerPresentable.swift; sourceTree = "<group>"; };
		F943A5F0286108A9001D3660 /* ViewControllerVerticalPresentingAnimation.swift */ = {isa = PBXFileReference; lastKnownFileType = sourcecode.swift; path = ViewControllerVerticalPresentingAnimation.swift; sourceTree = "<group>"; };
		F943A5F2286108DC001D3660 /* ViewControllerRoundedPresentingAnimation.swift */ = {isa = PBXFileReference; lastKnownFileType = sourcecode.swift; path = ViewControllerRoundedPresentingAnimation.swift; sourceTree = "<group>"; };
		F9AF741A29A29C4F00871AED /* NetworkRepositoryTests.swift */ = {isa = PBXFileReference; lastKnownFileType = sourcecode.swift; path = NetworkRepositoryTests.swift; sourceTree = "<group>"; };
		F9AF741D29A29D0200871AED /* HTTPStub.swift */ = {isa = PBXFileReference; lastKnownFileType = sourcecode.swift; path = HTTPStub.swift; sourceTree = "<group>"; };
		F9AF742029A2A6B400871AED /* CategoriesStub.json */ = {isa = PBXFileReference; lastKnownFileType = text.json; path = CategoriesStub.json; sourceTree = "<group>"; };
		F9AF742229A2B4C000871AED /* StubProvider.swift */ = {isa = PBXFileReference; lastKnownFileType = sourcecode.swift; path = StubProvider.swift; sourceTree = "<group>"; };
		F9AF742529A2BCD800871AED /* XCTestCase + DeallocationCheck.swift */ = {isa = PBXFileReference; lastKnownFileType = sourcecode.swift; path = "XCTestCase + DeallocationCheck.swift"; sourceTree = "<group>"; };
		F9AF742929A2BE0A00871AED /* CreationalFunctions.swift */ = {isa = PBXFileReference; lastKnownFileType = sourcecode.swift; path = CreationalFunctions.swift; sourceTree = "<group>"; };
		F9AF742B29A2BE3F00871AED /* StubsCreations.swift */ = {isa = PBXFileReference; lastKnownFileType = sourcecode.swift; path = StubsCreations.swift; sourceTree = "<group>"; };
		F9AF742D29A2BF8900871AED /* MealCategoryCodableTests.swift */ = {isa = PBXFileReference; lastKnownFileType = sourcecode.swift; path = MealCategoryCodableTests.swift; sourceTree = "<group>"; };
		F9AF742F29A2C19E00871AED /* MealDecodableTests.swift */ = {isa = PBXFileReference; lastKnownFileType = sourcecode.swift; path = MealDecodableTests.swift; sourceTree = "<group>"; };
		F9AF743129A2C2E100871AED /* MealDetailsDecodableTests.swift */ = {isa = PBXFileReference; lastKnownFileType = sourcecode.swift; path = MealDetailsDecodableTests.swift; sourceTree = "<group>"; };
		F9AF743329A2CF6D00871AED /* MealsRepositoryTests.swift */ = {isa = PBXFileReference; lastKnownFileType = sourcecode.swift; path = MealsRepositoryTests.swift; sourceTree = "<group>"; };
		F9AF743529A2CFA800871AED /* MockNetworkRepository.swift */ = {isa = PBXFileReference; lastKnownFileType = sourcecode.swift; path = MockNetworkRepository.swift; sourceTree = "<group>"; };
		F9F9707929AA988F000EEF98 /* BaseViewController.swift */ = {isa = PBXFileReference; lastKnownFileType = sourcecode.swift; path = BaseViewController.swift; sourceTree = "<group>"; };
		F9F9707B29AA98CC000EEF98 /* UIViewController + CustomDeinitPrinting.swift */ = {isa = PBXFileReference; lastKnownFileType = sourcecode.swift; path = "UIViewController + CustomDeinitPrinting.swift"; sourceTree = "<group>"; };
		F9F9707D29AA9B95000EEF98 /* DataBaseService.swift */ = {isa = PBXFileReference; fileEncoding = 4; lastKnownFileType = sourcecode.swift; path = DataBaseService.swift; sourceTree = "<group>"; };
/* End PBXFileReference section */

/* Begin PBXFrameworksBuildPhase section */
		F61A649827ABEDBB00348CB9 /* Frameworks */ = {
			isa = PBXFrameworksBuildPhase;
			buildActionMask = 2147483647;
			files = (
			);
			runOnlyForDeploymentPostprocessing = 0;
		};
		F61A64A627AC000700348CB9 /* Frameworks */ = {
			isa = PBXFrameworksBuildPhase;
			buildActionMask = 2147483647;
			files = (
			);
			runOnlyForDeploymentPostprocessing = 0;
		};
		F61A64AD27AC000700348CB9 /* Frameworks */ = {
			isa = PBXFrameworksBuildPhase;
			buildActionMask = 2147483647;
			files = (
				F61A64B127AC000700348CB9 /* Domain.framework in Frameworks */,
			);
			runOnlyForDeploymentPostprocessing = 0;
		};
		F61A64D627AC02F100348CB9 /* Frameworks */ = {
			isa = PBXFrameworksBuildPhase;
			buildActionMask = 2147483647;
			files = (
				F90D45522985444600703CB4 /* Domain.framework in Frameworks */,
			);
			runOnlyForDeploymentPostprocessing = 0;
		};
		F61A64DD27AC02F100348CB9 /* Frameworks */ = {
			isa = PBXFrameworksBuildPhase;
			buildActionMask = 2147483647;
			files = (
				F61A64E127AC02F100348CB9 /* Data.framework in Frameworks */,
			);
			runOnlyForDeploymentPostprocessing = 0;
		};
		F6A878E227A958100029DC63 /* Frameworks */ = {
			isa = PBXFrameworksBuildPhase;
			buildActionMask = 2147483647;
			files = (
				F9ADAF2929A80FD500FC3D18 /* Domain.framework in Frameworks */,
				F61A64EC27AC02F100348CB9 /* Data.framework in Frameworks */,
			);
			runOnlyForDeploymentPostprocessing = 0;
		};
/* End PBXFrameworksBuildPhase section */

/* Begin PBXGroup section */
		F61A649C27ABEDBB00348CB9 /* CoordinatorsTestTests */ = {
			isa = PBXGroup;
			children = (
				F61A649D27ABEDBB00348CB9 /* CoordinatorsTestTests.swift */,
			);
			path = CoordinatorsTestTests;
			sourceTree = "<group>";
		};
		F61A64AA27AC000700348CB9 /* Domain */ = {
			isa = PBXGroup;
			children = (
				F61A64AB27AC000700348CB9 /* Domain.h */,
				F61A653B27AC69D200348CB9 /* Models */,
				F61A653C27AC69DE00348CB9 /* UseCases */,
				F61A64CF27AC019D00348CB9 /* Repositories */,
			);
			path = Domain;
			sourceTree = "<group>";
		};
		F61A64B627AC000700348CB9 /* DomainTests */ = {
			isa = PBXGroup;
			children = (
				F61A64B727AC000700348CB9 /* DomainTests.swift */,
			);
			path = DomainTests;
			sourceTree = "<group>";
		};
		F61A64CF27AC019D00348CB9 /* Repositories */ = {
			isa = PBXGroup;
			children = (
				F61A64C927AC00C300348CB9 /* RecipesRepository.swift */,
				F61A64D027AC01B900348CB9 /* MealCategoriesRepository.swift */,
				F61A652527AC49C600348CB9 /* MealsByCategoryRepository.swift */,
				F90B818727AC7B210055AB9C /* MealDetailsRepository.swift */,
			);
			path = Repositories;
			sourceTree = "<group>";
		};
		F61A64DA27AC02F100348CB9 /* Data */ = {
			isa = PBXGroup;
			children = (
				F61A64F827AC08FE00348CB9 /* Models */,
				F61A64DB27AC02F100348CB9 /* Data.h */,
				F61A653D27AC69EE00348CB9 /* Repositories */,
			);
			path = Data;
			sourceTree = "<group>";
		};
		F61A64E627AC02F100348CB9 /* DataTests */ = {
			isa = PBXGroup;
			children = (
				F9AF742729A2BDC200871AED /* Tests */,
				F9AF741F29A2A68200871AED /* Stubs */,
				F9AF741C29A29CED00871AED /* Mocks */,
				F9AF742429A2BCC000871AED /* Extensions */,
				F9AF742829A2BDD200871AED /* Utilities */,
			);
			path = DataTests;
			sourceTree = "<group>";
		};
		F61A64F827AC08FE00348CB9 /* Models */ = {
			isa = PBXGroup;
			children = (
				F9F9707F29AA9CF8000EEF98 /* ServerCodableModels */,
			);
			path = Models;
			sourceTree = "<group>";
		};
		F61A650327AC0FE000348CB9 /* Coordinators */ = {
			isa = PBXGroup;
			children = (
				F61A651127AC362400348CB9 /* MealsCoordinator.swift */,
				F61A653427AC5FB200348CB9 /* AppCoordinator.swift */,
				F90B819E27AC86840055AB9C /* MealDetailsCoordinator.swift */,
			);
			path = Coordinators;
			sourceTree = "<group>";
		};
		F61A650527AC172500348CB9 /* Modules */ = {
			isa = PBXGroup;
			children = (
				F90D4557298549D900703CB4 /* Base */,
				F90B819327AC82D30055AB9C /* MealDetails */,
				F61A652B27AC579700348CB9 /* Meals */,
				F61A650627AC172D00348CB9 /* Categories */,
			);
			path = Modules;
			sourceTree = "<group>";
		};
		F61A650627AC172D00348CB9 /* Categories */ = {
			isa = PBXGroup;
			children = (
				F61A651327AC3A7400348CB9 /* Cells */,
				F61A650127AC0FDA00348CB9 /* MealsCategoriesViewController.swift */,
				F61A650727AC182400348CB9 /* MealsCategoriesViewModelProtocol.swift */,
				F61A652127AC46E200348CB9 /* MealsCategoriesOutput.swift */,
			);
			path = Categories;
			sourceTree = "<group>";
		};
		F61A650927AC325C00348CB9 /* DependencyContainers */ = {
			isa = PBXGroup;
			children = (
				F61A650A27AC328100348CB9 /* AppDependencyContainer.swift */,
				F61A650C27AC334500348CB9 /* MealDependencyContainer.swift */,
			);
			path = DependencyContainers;
			sourceTree = "<group>";
		};
		F61A650E27AC33C500348CB9 /* Assemblers */ = {
			isa = PBXGroup;
			children = (
				F61A650F27AC33E700348CB9 /* MealsCategoriesAssembler.swift */,
				F61A653027AC5B6300348CB9 /* MealsAssembable.swift */,
				F90B819C27AC84B00055AB9C /* MealDetailsAssembler.swift */,
			);
			path = Assemblers;
			sourceTree = "<group>";
		};
		F61A651327AC3A7400348CB9 /* Cells */ = {
			isa = PBXGroup;
			children = (
				F61A651427AC3A8900348CB9 /* MealCategoryTableViewCell.swift */,
				F61A651527AC3A8900348CB9 /* MealCategoryTableViewCell.xib */,
			);
			path = Cells;
			sourceTree = "<group>";
		};
		F61A651A27AC464200348CB9 /* Helpers */ = {
			isa = PBXGroup;
			children = (
				F61A651B27AC465300348CB9 /* WeakRefCoordinatorWrapper.swift */,
			);
			path = Helpers;
			sourceTree = "<group>";
		};
		F61A651D27AC467600348CB9 /* Protocols */ = {
			isa = PBXGroup;
			children = (
				F6A8790027A9592E0029DC63 /* Coordinator.swift */,
				F61A651F27AC46B800348CB9 /* ModuleOutput.swift */,
			);
			path = Protocols;
			sourceTree = "<group>";
		};
		F61A651E27AC467D00348CB9 /* Extensions */ = {
			isa = PBXGroup;
			children = (
				F61A651827AC401300348CB9 /* UIImageView + Fetching.swift */,
				F9F9707B29AA98CC000EEF98 /* UIViewController + CustomDeinitPrinting.swift */,
			);
			path = Extensions;
			sourceTree = "<group>";
		};
		F61A652B27AC579700348CB9 /* Meals */ = {
			isa = PBXGroup;
			children = (
				F61A653627AC659A00348CB9 /* Cells */,
				F61A652C27AC57C000348CB9 /* MealsViewController.swift */,
				F61A652E27AC57F500348CB9 /* MealsViewModelProtocol.swift */,
				F61A653227AC5B8B00348CB9 /* MealsOutput.swift */,
			);
			path = Meals;
			sourceTree = "<group>";
		};
		F61A653627AC659A00348CB9 /* Cells */ = {
			isa = PBXGroup;
			children = (
				F61A653727AC65B800348CB9 /* MealTableViewCell.swift */,
				F61A653827AC65B800348CB9 /* MealTableViewCell.xib */,
			);
			path = Cells;
			sourceTree = "<group>";
		};
		F61A653B27AC69D200348CB9 /* Models */ = {
			isa = PBXGroup;
			children = (
				F61A64C527AC002400348CB9 /* Meal.swift */,
				F61A64CD27AC014F00348CB9 /* MealCategory.swift */,
				F90B818927AC7B5B0055AB9C /* MealDetails.swift */,
				F90B818B27AC7C160055AB9C /* MealIngredient.swift */,
			);
			path = Models;
			sourceTree = "<group>";
		};
		F61A653C27AC69DE00348CB9 /* UseCases */ = {
			isa = PBXGroup;
			children = (
				F61A64CB27AC012A00348CB9 /* GetMealCategoriesUseCase.swift */,
				F61A652327AC48DC00348CB9 /* GetMealByCategoryUseCase.swift */,
				F90B818D27AC7D760055AB9C /* GetMealDetailsByIdUseCase.swift */,
			);
			path = UseCases;
			sourceTree = "<group>";
		};
		F61A653D27AC69EE00348CB9 /* Repositories */ = {
			isa = PBXGroup;
			children = (
				F61A64F427AC030F00348CB9 /* NetworkRepository.swift */,
				F61A64F627AC07E800348CB9 /* MealsRepositoryImpl.swift */,
				F9F9707D29AA9B95000EEF98 /* DataBaseService.swift */,
			);
			path = Repositories;
			sourceTree = "<group>";
		};
		F6A878DC27A958100029DC63 = {
			isa = PBXGroup;
			children = (
				F6A878E727A958100029DC63 /* CoordinatorsTest */,
				F61A649C27ABEDBB00348CB9 /* CoordinatorsTestTests */,
				F61A64AA27AC000700348CB9 /* Domain */,
				F61A64B627AC000700348CB9 /* DomainTests */,
				F61A64DA27AC02F100348CB9 /* Data */,
				F61A64E627AC02F100348CB9 /* DataTests */,
				F6A878E627A958100029DC63 /* Products */,
				F90D45512985444600703CB4 /* Frameworks */,
			);
			sourceTree = "<group>";
		};
		F6A878E627A958100029DC63 /* Products */ = {
			isa = PBXGroup;
			children = (
				F6A878E527A958100029DC63 /* CoordinatorsTest.app */,
				F61A649B27ABEDBB00348CB9 /* CoordinatorsTestTests.xctest */,
				F61A64A927AC000700348CB9 /* Domain.framework */,
				F61A64B027AC000700348CB9 /* DomainTests.xctest */,
				F61A64D927AC02F100348CB9 /* Data.framework */,
				F61A64E027AC02F100348CB9 /* DataTests.xctest */,
			);
			name = Products;
			sourceTree = "<group>";
		};
		F6A878E727A958100029DC63 /* CoordinatorsTest */ = {
			isa = PBXGroup;
			children = (
				F943A5E42860F897001D3660 /* VCPresentation */,
				F61A650E27AC33C500348CB9 /* Assemblers */,
				F61A650927AC325C00348CB9 /* DependencyContainers */,
				F61A650527AC172500348CB9 /* Modules */,
				F61A650327AC0FE000348CB9 /* Coordinators */,
				F61A651A27AC464200348CB9 /* Helpers */,
				F61A651D27AC467600348CB9 /* Protocols */,
				F61A651E27AC467D00348CB9 /* Extensions */,
				F6A878E827A958100029DC63 /* AppDelegate.swift */,
				F6A878EA27A958100029DC63 /* SceneDelegate.swift */,
				F6A878F127A958120029DC63 /* Assets.xcassets */,
				F6A878F327A958120029DC63 /* LaunchScreen.storyboard */,
				F6A878F627A958120029DC63 /* Info.plist */,
			);
			path = CoordinatorsTest;
			sourceTree = "<group>";
		};
		F90B819327AC82D30055AB9C /* MealDetails */ = {
			isa = PBXGroup;
			children = (
				F90B819427AC82EE0055AB9C /* MealDetailsViewController.swift */,
				F90B819527AC82EE0055AB9C /* MealDetailsViewController.xib */,
				F90B819827AC831B0055AB9C /* MealDetailsViewModelProtocol.swift */,
				F90B819A27AC835F0055AB9C /* MealDetailsOutput.swift */,
			);
			path = MealDetails;
			sourceTree = "<group>";
		};
		F90D45512985444600703CB4 /* Frameworks */ = {
			isa = PBXGroup;
			children = (
			);
			name = Frameworks;
			sourceTree = "<group>";
		};
		F90D4557298549D900703CB4 /* Base */ = {
			isa = PBXGroup;
			children = (
				F90D4558298549E600703CB4 /* ViewModel.swift */,
				F90D455A29854BD000703CB4 /* BaseTableViewController.swift */,
				F9F9707929AA988F000EEF98 /* BaseViewController.swift */,
			);
			path = Base;
			sourceTree = "<group>";
		};
		F943A5E42860F897001D3660 /* VCPresentation */ = {
			isa = PBXGroup;
			children = (
				F943A5EF2861089A001D3660 /* Animations */,
				F943A5E52860FAF3001D3660 /* DimmingTransitionPresentationController.swift */,
				F943A5E72860FD5A001D3660 /* ViewControllerTransitionAnimator.swift */,
				F943A5E92860FF41001D3660 /* ViewControllerTransitionAnimation.swift */,
				F943A5EB2861049B001D3660 /* ViewControllerTransitionManager.swift */,
				F943A5ED286105C2001D3660 /* CustomViewControllerPresentable.swift */,
			);
			path = VCPresentation;
			sourceTree = "<group>";
		};
		F943A5EF2861089A001D3660 /* Animations */ = {
			isa = PBXGroup;
			children = (
				F943A5F0286108A9001D3660 /* ViewControllerVerticalPresentingAnimation.swift */,
				F943A5F2286108DC001D3660 /* ViewControllerRoundedPresentingAnimation.swift */,
			);
			path = Animations;
			sourceTree = "<group>";
		};
		F9AF741C29A29CED00871AED /* Mocks */ = {
			isa = PBXGroup;
			children = (
				F9AF743529A2CFA800871AED /* MockNetworkRepository.swift */,
			);
			path = Mocks;
			sourceTree = "<group>";
		};
		F9AF741F29A2A68200871AED /* Stubs */ = {
			isa = PBXGroup;
			children = (
				F9AF742229A2B4C000871AED /* StubProvider.swift */,
				F9AF742029A2A6B400871AED /* CategoriesStub.json */,
			);
			path = Stubs;
			sourceTree = "<group>";
		};
		F9AF742429A2BCC000871AED /* Extensions */ = {
			isa = PBXGroup;
			children = (
				F9AF742529A2BCD800871AED /* XCTestCase + DeallocationCheck.swift */,
			);
			path = Extensions;
			sourceTree = "<group>";
		};
		F9AF742729A2BDC200871AED /* Tests */ = {
			isa = PBXGroup;
			children = (
				F9AF741A29A29C4F00871AED /* NetworkRepositoryTests.swift */,
				F9AF742D29A2BF8900871AED /* MealCategoryCodableTests.swift */,
				F9AF742F29A2C19E00871AED /* MealDecodableTests.swift */,
				F9AF743129A2C2E100871AED /* MealDetailsDecodableTests.swift */,
				F9AF743329A2CF6D00871AED /* MealsRepositoryTests.swift */,
			);
			path = Tests;
			sourceTree = "<group>";
		};
		F9AF742829A2BDD200871AED /* Utilities */ = {
			isa = PBXGroup;
			children = (
				F9AF741D29A29D0200871AED /* HTTPStub.swift */,
				F9AF742929A2BE0A00871AED /* CreationalFunctions.swift */,
				F9AF742B29A2BE3F00871AED /* StubsCreations.swift */,
			);
			path = Utilities;
			sourceTree = "<group>";
		};
		F9F9707F29AA9CF8000EEF98 /* ServerCodableModels */ = {
			isa = PBXGroup;
			children = (
				F61A64F927AC090C00348CB9 /* MealCategoryCodable.swift */,
				F61A64FB27AC095F00348CB9 /* MealCategoryContainerCodable.swift */,
				F61A652727AC4B7E00348CB9 /* MealDecodable.swift */,
				F61A652927AC570800348CB9 /* MealsContainerDecodable.swift */,
				F90B818F27AC7E210055AB9C /* MealDetailsDecodable.swift */,
				F90B819127AC82170055AB9C /* MealDetailsContainerDecodable.swift */,
			);
			path = ServerCodableModels;
			sourceTree = "<group>";
		};
/* End PBXGroup section */

/* Begin PBXHeadersBuildPhase section */
		F61A64A427AC000700348CB9 /* Headers */ = {
			isa = PBXHeadersBuildPhase;
			buildActionMask = 2147483647;
			files = (
				F61A64B927AC000700348CB9 /* Domain.h in Headers */,
			);
			runOnlyForDeploymentPostprocessing = 0;
		};
		F61A64D427AC02F100348CB9 /* Headers */ = {
			isa = PBXHeadersBuildPhase;
			buildActionMask = 2147483647;
			files = (
				F61A64E927AC02F100348CB9 /* Data.h in Headers */,
			);
			runOnlyForDeploymentPostprocessing = 0;
		};
/* End PBXHeadersBuildPhase section */

/* Begin PBXNativeTarget section */
		F61A649A27ABEDBB00348CB9 /* CoordinatorsTestTests */ = {
			isa = PBXNativeTarget;
			buildConfigurationList = F61A64A127ABEDBB00348CB9 /* Build configuration list for PBXNativeTarget "CoordinatorsTestTests" */;
			buildPhases = (
				F61A649727ABEDBB00348CB9 /* Sources */,
				F61A649827ABEDBB00348CB9 /* Frameworks */,
				F61A649927ABEDBB00348CB9 /* Resources */,
			);
			buildRules = (
			);
			dependencies = (
				F61A64A027ABEDBB00348CB9 /* PBXTargetDependency */,
			);
			name = CoordinatorsTestTests;
			productName = CoordinatorsTestTests;
			productReference = F61A649B27ABEDBB00348CB9 /* CoordinatorsTestTests.xctest */;
			productType = "com.apple.product-type.bundle.unit-test";
		};
		F61A64A827AC000700348CB9 /* Domain */ = {
			isa = PBXNativeTarget;
			buildConfigurationList = F61A64BE27AC000700348CB9 /* Build configuration list for PBXNativeTarget "Domain" */;
			buildPhases = (
				F61A64A427AC000700348CB9 /* Headers */,
				F61A64A527AC000700348CB9 /* Sources */,
				F61A64A627AC000700348CB9 /* Frameworks */,
				F61A64A727AC000700348CB9 /* Resources */,
			);
			buildRules = (
			);
			dependencies = (
			);
			name = Domain;
			productName = Domain;
			productReference = F61A64A927AC000700348CB9 /* Domain.framework */;
			productType = "com.apple.product-type.framework";
		};
		F61A64AF27AC000700348CB9 /* DomainTests */ = {
			isa = PBXNativeTarget;
			buildConfigurationList = F61A64C227AC000700348CB9 /* Build configuration list for PBXNativeTarget "DomainTests" */;
			buildPhases = (
				F61A64AC27AC000700348CB9 /* Sources */,
				F61A64AD27AC000700348CB9 /* Frameworks */,
				F61A64AE27AC000700348CB9 /* Resources */,
			);
			buildRules = (
			);
			dependencies = (
				F61A64B327AC000700348CB9 /* PBXTargetDependency */,
				F61A64B527AC000700348CB9 /* PBXTargetDependency */,
			);
			name = DomainTests;
			productName = DomainTests;
			productReference = F61A64B027AC000700348CB9 /* DomainTests.xctest */;
			productType = "com.apple.product-type.bundle.unit-test";
		};
		F61A64D827AC02F100348CB9 /* Data */ = {
			isa = PBXNativeTarget;
			buildConfigurationList = F61A64EE27AC02F100348CB9 /* Build configuration list for PBXNativeTarget "Data" */;
			buildPhases = (
				F61A64D427AC02F100348CB9 /* Headers */,
				F61A64D527AC02F100348CB9 /* Sources */,
				F61A64D627AC02F100348CB9 /* Frameworks */,
				F61A64D727AC02F100348CB9 /* Resources */,
				F90D45562985444600703CB4 /* Embed Frameworks */,
			);
			buildRules = (
			);
			dependencies = (
				F90D45552985444600703CB4 /* PBXTargetDependency */,
			);
			name = Data;
			productName = Data;
			productReference = F61A64D927AC02F100348CB9 /* Data.framework */;
			productType = "com.apple.product-type.framework";
		};
		F61A64DF27AC02F100348CB9 /* DataTests */ = {
			isa = PBXNativeTarget;
			buildConfigurationList = F61A64F127AC02F100348CB9 /* Build configuration list for PBXNativeTarget "DataTests" */;
			buildPhases = (
				F61A64DC27AC02F100348CB9 /* Sources */,
				F61A64DD27AC02F100348CB9 /* Frameworks */,
				F61A64DE27AC02F100348CB9 /* Resources */,
			);
			buildRules = (
			);
			dependencies = (
				F61A64E327AC02F100348CB9 /* PBXTargetDependency */,
				F61A64E527AC02F100348CB9 /* PBXTargetDependency */,
			);
			name = DataTests;
			productName = DataTests;
			productReference = F61A64E027AC02F100348CB9 /* DataTests.xctest */;
			productType = "com.apple.product-type.bundle.unit-test";
		};
		F6A878E427A958100029DC63 /* CoordinatorsTest */ = {
			isa = PBXNativeTarget;
			buildConfigurationList = F6A878F927A958120029DC63 /* Build configuration list for PBXNativeTarget "CoordinatorsTest" */;
			buildPhases = (
				F6A878E127A958100029DC63 /* Sources */,
				F6A878E227A958100029DC63 /* Frameworks */,
				F6A878E327A958100029DC63 /* Resources */,
				F61A64C127AC000700348CB9 /* Embed Frameworks */,
			);
			buildRules = (
			);
			dependencies = (
				F61A64EB27AC02F100348CB9 /* PBXTargetDependency */,
				F9ADAF2C29A80FD500FC3D18 /* PBXTargetDependency */,
			);
			name = CoordinatorsTest;
			productName = CoordinatorsTest;
			productReference = F6A878E527A958100029DC63 /* CoordinatorsTest.app */;
			productType = "com.apple.product-type.application";
		};
/* End PBXNativeTarget section */

/* Begin PBXProject section */
		F6A878DD27A958100029DC63 /* Project object */ = {
			isa = PBXProject;
			attributes = {
				BuildIndependentTargetsInParallel = 1;
				LastSwiftUpdateCheck = 1320;
				LastUpgradeCheck = 1310;
				TargetAttributes = {
					F61A649A27ABEDBB00348CB9 = {
						CreatedOnToolsVersion = 13.2.1;
						TestTargetID = F6A878E427A958100029DC63;
					};
					F61A64A827AC000700348CB9 = {
						CreatedOnToolsVersion = 13.2.1;
						LastSwiftMigration = 1320;
					};
					F61A64AF27AC000700348CB9 = {
						CreatedOnToolsVersion = 13.2.1;
						TestTargetID = F6A878E427A958100029DC63;
					};
					F61A64D827AC02F100348CB9 = {
						CreatedOnToolsVersion = 13.2.1;
						LastSwiftMigration = 1320;
					};
					F61A64DF27AC02F100348CB9 = {
						CreatedOnToolsVersion = 13.2.1;
						LastSwiftMigration = 1420;
						TestTargetID = F6A878E427A958100029DC63;
					};
					F6A878E427A958100029DC63 = {
						CreatedOnToolsVersion = 13.1;
					};
				};
			};
			buildConfigurationList = F6A878E027A958100029DC63 /* Build configuration list for PBXProject "CoordinatorsTest" */;
			compatibilityVersion = "Xcode 13.0";
			developmentRegion = en;
			hasScannedForEncodings = 0;
			knownRegions = (
				en,
				Base,
			);
			mainGroup = F6A878DC27A958100029DC63;
			productRefGroup = F6A878E627A958100029DC63 /* Products */;
			projectDirPath = "";
			projectRoot = "";
			targets = (
				F6A878E427A958100029DC63 /* CoordinatorsTest */,
				F61A649A27ABEDBB00348CB9 /* CoordinatorsTestTests */,
				F61A64A827AC000700348CB9 /* Domain */,
				F61A64AF27AC000700348CB9 /* DomainTests */,
				F61A64D827AC02F100348CB9 /* Data */,
				F61A64DF27AC02F100348CB9 /* DataTests */,
			);
		};
/* End PBXProject section */

/* Begin PBXResourcesBuildPhase section */
		F61A649927ABEDBB00348CB9 /* Resources */ = {
			isa = PBXResourcesBuildPhase;
			buildActionMask = 2147483647;
			files = (
			);
			runOnlyForDeploymentPostprocessing = 0;
		};
		F61A64A727AC000700348CB9 /* Resources */ = {
			isa = PBXResourcesBuildPhase;
			buildActionMask = 2147483647;
			files = (
			);
			runOnlyForDeploymentPostprocessing = 0;
		};
		F61A64AE27AC000700348CB9 /* Resources */ = {
			isa = PBXResourcesBuildPhase;
			buildActionMask = 2147483647;
			files = (
			);
			runOnlyForDeploymentPostprocessing = 0;
		};
		F61A64D727AC02F100348CB9 /* Resources */ = {
			isa = PBXResourcesBuildPhase;
			buildActionMask = 2147483647;
			files = (
			);
			runOnlyForDeploymentPostprocessing = 0;
		};
		F61A64DE27AC02F100348CB9 /* Resources */ = {
			isa = PBXResourcesBuildPhase;
			buildActionMask = 2147483647;
			files = (
				F9AF742129A2A6DE00871AED /* CategoriesStub.json in Resources */,
			);
			runOnlyForDeploymentPostprocessing = 0;
		};
		F6A878E327A958100029DC63 /* Resources */ = {
			isa = PBXResourcesBuildPhase;
			buildActionMask = 2147483647;
			files = (
				F984C03327E27F940094332E /* Domain.framework in Resources */,
				F61A653A27AC65B800348CB9 /* MealTableViewCell.xib in Resources */,
				F6A878F527A958120029DC63 /* LaunchScreen.storyboard in Resources */,
				F61A651727AC3A8900348CB9 /* MealCategoryTableViewCell.xib in Resources */,
				F6A878F227A958120029DC63 /* Assets.xcassets in Resources */,
				F90B819727AC82EE0055AB9C /* MealDetailsViewController.xib in Resources */,
			);
			runOnlyForDeploymentPostprocessing = 0;
		};
/* End PBXResourcesBuildPhase section */

/* Begin PBXSourcesBuildPhase section */
		F61A649727ABEDBB00348CB9 /* Sources */ = {
			isa = PBXSourcesBuildPhase;
			buildActionMask = 2147483647;
			files = (
				F61A649E27ABEDBB00348CB9 /* CoordinatorsTestTests.swift in Sources */,
			);
			runOnlyForDeploymentPostprocessing = 0;
		};
		F61A64A527AC000700348CB9 /* Sources */ = {
			isa = PBXSourcesBuildPhase;
			buildActionMask = 2147483647;
			files = (
				F61A64CA27AC00C300348CB9 /* RecipesRepository.swift in Sources */,
				F61A64D127AC01B900348CB9 /* MealCategoriesRepository.swift in Sources */,
				F61A64CE27AC014F00348CB9 /* MealCategory.swift in Sources */,
				F90B818C27AC7C160055AB9C /* MealIngredient.swift in Sources */,
				F90B818827AC7B210055AB9C /* MealDetailsRepository.swift in Sources */,
				F61A652427AC48DC00348CB9 /* GetMealByCategoryUseCase.swift in Sources */,
				F61A652627AC49C600348CB9 /* MealsByCategoryRepository.swift in Sources */,
				F61A64CC27AC012A00348CB9 /* GetMealCategoriesUseCase.swift in Sources */,
				F90B818A27AC7B5B0055AB9C /* MealDetails.swift in Sources */,
				F61A64C627AC002400348CB9 /* Meal.swift in Sources */,
				F90B818E27AC7D760055AB9C /* GetMealDetailsByIdUseCase.swift in Sources */,
			);
			runOnlyForDeploymentPostprocessing = 0;
		};
		F61A64AC27AC000700348CB9 /* Sources */ = {
			isa = PBXSourcesBuildPhase;
			buildActionMask = 2147483647;
			files = (
				F61A64B827AC000700348CB9 /* DomainTests.swift in Sources */,
			);
			runOnlyForDeploymentPostprocessing = 0;
		};
		F61A64D527AC02F100348CB9 /* Sources */ = {
			isa = PBXSourcesBuildPhase;
			buildActionMask = 2147483647;
			files = (
				F61A652827AC4B7E00348CB9 /* MealDecodable.swift in Sources */,
				F90B819227AC82170055AB9C /* MealDetailsContainerDecodable.swift in Sources */,
				F9F9707E29AA9B95000EEF98 /* DataBaseService.swift in Sources */,
				F90B819027AC7E220055AB9C /* MealDetailsDecodable.swift in Sources */,
				F61A64FA27AC090C00348CB9 /* MealCategoryCodable.swift in Sources */,
				F61A652A27AC570800348CB9 /* MealsContainerDecodable.swift in Sources */,
				F61A64F727AC07E800348CB9 /* MealsRepositoryImpl.swift in Sources */,
				F61A64FC27AC095F00348CB9 /* MealCategoryContainerCodable.swift in Sources */,
				F61A64F527AC030F00348CB9 /* NetworkRepository.swift in Sources */,
			);
			runOnlyForDeploymentPostprocessing = 0;
		};
		F61A64DC27AC02F100348CB9 /* Sources */ = {
			isa = PBXSourcesBuildPhase;
			buildActionMask = 2147483647;
			files = (
				F9AF743429A2CF6D00871AED /* MealsRepositoryTests.swift in Sources */,
				F9AF743029A2C19E00871AED /* MealDecodableTests.swift in Sources */,
				F9AF743229A2C2E100871AED /* MealDetailsDecodableTests.swift in Sources */,
				F9AF742329A2B4C000871AED /* StubProvider.swift in Sources */,
				F9AF743629A2CFA800871AED /* MockNetworkRepository.swift in Sources */,
				F9AF741E29A29D0200871AED /* HTTPStub.swift in Sources */,
				F9AF742A29A2BE0A00871AED /* CreationalFunctions.swift in Sources */,
				F9AF742E29A2BF8900871AED /* MealCategoryCodableTests.swift in Sources */,
				F9AF742629A2BCD800871AED /* XCTestCase + DeallocationCheck.swift in Sources */,
				F9AF742C29A2BE3F00871AED /* StubsCreations.swift in Sources */,
				F9AF741B29A29C4F00871AED /* NetworkRepositoryTests.swift in Sources */,
			);
			runOnlyForDeploymentPostprocessing = 0;
		};
		F6A878E127A958100029DC63 /* Sources */ = {
			isa = PBXSourcesBuildPhase;
			buildActionMask = 2147483647;
			files = (
				F61A651027AC33E700348CB9 /* MealsCategoriesAssembler.swift in Sources */,
				F6A8790127A9592E0029DC63 /* Coordinator.swift in Sources */,
				F6A878E927A958100029DC63 /* AppDelegate.swift in Sources */,
				F90B819B27AC835F0055AB9C /* MealDetailsOutput.swift in Sources */,
				F90D455B29854BD000703CB4 /* BaseTableViewController.swift in Sources */,
				F9F9707A29AA988F000EEF98 /* BaseViewController.swift in Sources */,
				F61A652227AC46E200348CB9 /* MealsCategoriesOutput.swift in Sources */,
				F61A653927AC65B800348CB9 /* MealTableViewCell.swift in Sources */,
				F61A650B27AC328100348CB9 /* AppDependencyContainer.swift in Sources */,
				F943A5EA2860FF41001D3660 /* ViewControllerTransitionAnimation.swift in Sources */,
				F61A650D27AC334500348CB9 /* MealDependencyContainer.swift in Sources */,
				F90B819D27AC84B00055AB9C /* MealDetailsAssembler.swift in Sources */,
				F90B819F27AC86840055AB9C /* MealDetailsCoordinator.swift in Sources */,
				F61A653127AC5B6300348CB9 /* MealsAssembable.swift in Sources */,
				F90B819927AC831B0055AB9C /* MealDetailsViewModelProtocol.swift in Sources */,
				F90B819627AC82EE0055AB9C /* MealDetailsViewController.swift in Sources */,
				F61A651227AC362400348CB9 /* MealsCoordinator.swift in Sources */,
				F61A652D27AC57C000348CB9 /* MealsViewController.swift in Sources */,
				F61A650827AC182400348CB9 /* MealsCategoriesViewModelProtocol.swift in Sources */,
				F943A5EE286105C2001D3660 /* CustomViewControllerPresentable.swift in Sources */,
				F6A878EB27A958100029DC63 /* SceneDelegate.swift in Sources */,
				F61A653327AC5B8B00348CB9 /* MealsOutput.swift in Sources */,
				F61A651C27AC465300348CB9 /* WeakRefCoordinatorWrapper.swift in Sources */,
				F61A650227AC0FDB00348CB9 /* MealsCategoriesViewController.swift in Sources */,
				F943A5EC2861049B001D3660 /* ViewControllerTransitionManager.swift in Sources */,
				F61A652027AC46B800348CB9 /* ModuleOutput.swift in Sources */,
				F943A5F3286108DC001D3660 /* ViewControllerRoundedPresentingAnimation.swift in Sources */,
				F90D4559298549E600703CB4 /* ViewModel.swift in Sources */,
				F61A653527AC5FB200348CB9 /* AppCoordinator.swift in Sources */,
				F61A652F27AC57F500348CB9 /* MealsViewModelProtocol.swift in Sources */,
				F943A5F1286108A9001D3660 /* ViewControllerVerticalPresentingAnimation.swift in Sources */,
				F61A651627AC3A8900348CB9 /* MealCategoryTableViewCell.swift in Sources */,
				F943A5E62860FAF3001D3660 /* DimmingTransitionPresentationController.swift in Sources */,
				F943A5E82860FD5A001D3660 /* ViewControllerTransitionAnimator.swift in Sources */,
				F61A651927AC401300348CB9 /* UIImageView + Fetching.swift in Sources */,
				F9F9707C29AA98CC000EEF98 /* UIViewController + CustomDeinitPrinting.swift in Sources */,
			);
			runOnlyForDeploymentPostprocessing = 0;
		};
/* End PBXSourcesBuildPhase section */

/* Begin PBXTargetDependency section */
		F61A64A027ABEDBB00348CB9 /* PBXTargetDependency */ = {
			isa = PBXTargetDependency;
			target = F6A878E427A958100029DC63 /* CoordinatorsTest */;
			targetProxy = F61A649F27ABEDBB00348CB9 /* PBXContainerItemProxy */;
		};
		F61A64B327AC000700348CB9 /* PBXTargetDependency */ = {
			isa = PBXTargetDependency;
			target = F61A64A827AC000700348CB9 /* Domain */;
			targetProxy = F61A64B227AC000700348CB9 /* PBXContainerItemProxy */;
		};
		F61A64B527AC000700348CB9 /* PBXTargetDependency */ = {
			isa = PBXTargetDependency;
			target = F6A878E427A958100029DC63 /* CoordinatorsTest */;
			targetProxy = F61A64B427AC000700348CB9 /* PBXContainerItemProxy */;
		};
		F61A64E327AC02F100348CB9 /* PBXTargetDependency */ = {
			isa = PBXTargetDependency;
			target = F61A64D827AC02F100348CB9 /* Data */;
			targetProxy = F61A64E227AC02F100348CB9 /* PBXContainerItemProxy */;
		};
		F61A64E527AC02F100348CB9 /* PBXTargetDependency */ = {
			isa = PBXTargetDependency;
			target = F6A878E427A958100029DC63 /* CoordinatorsTest */;
			targetProxy = F61A64E427AC02F100348CB9 /* PBXContainerItemProxy */;
		};
		F61A64EB27AC02F100348CB9 /* PBXTargetDependency */ = {
			isa = PBXTargetDependency;
			target = F61A64D827AC02F100348CB9 /* Data */;
			targetProxy = F61A64EA27AC02F100348CB9 /* PBXContainerItemProxy */;
		};
		F90D45552985444600703CB4 /* PBXTargetDependency */ = {
			isa = PBXTargetDependency;
			target = F61A64A827AC000700348CB9 /* Domain */;
			targetProxy = F90D45542985444600703CB4 /* PBXContainerItemProxy */;
		};
		F9ADAF2C29A80FD500FC3D18 /* PBXTargetDependency */ = {
			isa = PBXTargetDependency;
			target = F61A64A827AC000700348CB9 /* Domain */;
			targetProxy = F9ADAF2B29A80FD500FC3D18 /* PBXContainerItemProxy */;
		};
/* End PBXTargetDependency section */

/* Begin PBXVariantGroup section */
		F6A878F327A958120029DC63 /* LaunchScreen.storyboard */ = {
			isa = PBXVariantGroup;
			children = (
				F6A878F427A958120029DC63 /* Base */,
			);
			name = LaunchScreen.storyboard;
			sourceTree = "<group>";
		};
/* End PBXVariantGroup section */

/* Begin XCBuildConfiguration section */
		F61A64A227ABEDBB00348CB9 /* Debug */ = {
			isa = XCBuildConfiguration;
			buildSettings = {
				BUNDLE_LOADER = "$(TEST_HOST)";
				CODE_SIGN_STYLE = Automatic;
				CURRENT_PROJECT_VERSION = 1;
				GENERATE_INFOPLIST_FILE = YES;
				IPHONEOS_DEPLOYMENT_TARGET = 15.2;
				MARKETING_VERSION = 1.0;
				PRODUCT_BUNDLE_IDENTIFIER = com.kodeni.CoordinatorsTestTests;
				PRODUCT_NAME = "$(TARGET_NAME)";
				SWIFT_EMIT_LOC_STRINGS = NO;
				SWIFT_VERSION = 5.0;
				TARGETED_DEVICE_FAMILY = "1,2";
				TEST_HOST = "$(BUILT_PRODUCTS_DIR)/CoordinatorsTest.app/CoordinatorsTest";
			};
			name = Debug;
		};
		F61A64A327ABEDBB00348CB9 /* Release */ = {
			isa = XCBuildConfiguration;
			buildSettings = {
				BUNDLE_LOADER = "$(TEST_HOST)";
				CODE_SIGN_STYLE = Automatic;
				CURRENT_PROJECT_VERSION = 1;
				GENERATE_INFOPLIST_FILE = YES;
				IPHONEOS_DEPLOYMENT_TARGET = 15.2;
				MARKETING_VERSION = 1.0;
				PRODUCT_BUNDLE_IDENTIFIER = com.kodeni.CoordinatorsTestTests;
				PRODUCT_NAME = "$(TARGET_NAME)";
				SWIFT_EMIT_LOC_STRINGS = NO;
				SWIFT_VERSION = 5.0;
				TARGETED_DEVICE_FAMILY = "1,2";
				TEST_HOST = "$(BUILT_PRODUCTS_DIR)/CoordinatorsTest.app/CoordinatorsTest";
			};
			name = Release;
		};
		F61A64BF27AC000700348CB9 /* Debug */ = {
			isa = XCBuildConfiguration;
			buildSettings = {
				CLANG_ENABLE_MODULES = YES;
				CODE_SIGN_STYLE = Automatic;
				CURRENT_PROJECT_VERSION = 1;
				DEFINES_MODULE = YES;
				DYLIB_COMPATIBILITY_VERSION = 1;
				DYLIB_CURRENT_VERSION = 1;
				DYLIB_INSTALL_NAME_BASE = "@rpath";
				GENERATE_INFOPLIST_FILE = YES;
				INFOPLIST_KEY_NSHumanReadableCopyright = "";
				INSTALL_PATH = "$(LOCAL_LIBRARY_DIR)/Frameworks";
				IPHONEOS_DEPLOYMENT_TARGET = 15.2;
				LD_RUNPATH_SEARCH_PATHS = (
					"$(inherited)",
					"@executable_path/Frameworks",
					"@loader_path/Frameworks",
				);
				MARKETING_VERSION = 1.0;
				PRODUCT_BUNDLE_IDENTIFIER = com.kodeni.Domain;
				PRODUCT_NAME = "$(TARGET_NAME:c99extidentifier)";
				SKIP_INSTALL = YES;
				SWIFT_EMIT_LOC_STRINGS = YES;
				SWIFT_OPTIMIZATION_LEVEL = "-Onone";
				SWIFT_VERSION = 5.0;
				TARGETED_DEVICE_FAMILY = "1,2";
				VERSIONING_SYSTEM = "apple-generic";
				VERSION_INFO_PREFIX = "";
			};
			name = Debug;
		};
		F61A64C027AC000700348CB9 /* Release */ = {
			isa = XCBuildConfiguration;
			buildSettings = {
				CLANG_ENABLE_MODULES = YES;
				CODE_SIGN_STYLE = Automatic;
				CURRENT_PROJECT_VERSION = 1;
				DEFINES_MODULE = YES;
				DYLIB_COMPATIBILITY_VERSION = 1;
				DYLIB_CURRENT_VERSION = 1;
				DYLIB_INSTALL_NAME_BASE = "@rpath";
				GENERATE_INFOPLIST_FILE = YES;
				INFOPLIST_KEY_NSHumanReadableCopyright = "";
				INSTALL_PATH = "$(LOCAL_LIBRARY_DIR)/Frameworks";
				IPHONEOS_DEPLOYMENT_TARGET = 15.2;
				LD_RUNPATH_SEARCH_PATHS = (
					"$(inherited)",
					"@executable_path/Frameworks",
					"@loader_path/Frameworks",
				);
				MARKETING_VERSION = 1.0;
				PRODUCT_BUNDLE_IDENTIFIER = com.kodeni.Domain;
				PRODUCT_NAME = "$(TARGET_NAME:c99extidentifier)";
				SKIP_INSTALL = YES;
				SWIFT_EMIT_LOC_STRINGS = YES;
				SWIFT_VERSION = 5.0;
				TARGETED_DEVICE_FAMILY = "1,2";
				VERSIONING_SYSTEM = "apple-generic";
				VERSION_INFO_PREFIX = "";
			};
			name = Release;
		};
		F61A64C327AC000700348CB9 /* Debug */ = {
			isa = XCBuildConfiguration;
			buildSettings = {
				ALWAYS_EMBED_SWIFT_STANDARD_LIBRARIES = YES;
				CODE_SIGN_STYLE = Automatic;
				CURRENT_PROJECT_VERSION = 1;
				GENERATE_INFOPLIST_FILE = YES;
				IPHONEOS_DEPLOYMENT_TARGET = 15.2;
				MARKETING_VERSION = 1.0;
				PRODUCT_BUNDLE_IDENTIFIER = com.kodeni.DomainTests;
				PRODUCT_NAME = "$(TARGET_NAME)";
				SWIFT_EMIT_LOC_STRINGS = NO;
				SWIFT_VERSION = 5.0;
				TARGETED_DEVICE_FAMILY = "1,2";
				TEST_HOST = "$(BUILT_PRODUCTS_DIR)/CoordinatorsTest.app/CoordinatorsTest";
			};
			name = Debug;
		};
		F61A64C427AC000700348CB9 /* Release */ = {
			isa = XCBuildConfiguration;
			buildSettings = {
				ALWAYS_EMBED_SWIFT_STANDARD_LIBRARIES = YES;
				CODE_SIGN_STYLE = Automatic;
				CURRENT_PROJECT_VERSION = 1;
				GENERATE_INFOPLIST_FILE = YES;
				IPHONEOS_DEPLOYMENT_TARGET = 15.2;
				MARKETING_VERSION = 1.0;
				PRODUCT_BUNDLE_IDENTIFIER = com.kodeni.DomainTests;
				PRODUCT_NAME = "$(TARGET_NAME)";
				SWIFT_EMIT_LOC_STRINGS = NO;
				SWIFT_VERSION = 5.0;
				TARGETED_DEVICE_FAMILY = "1,2";
				TEST_HOST = "$(BUILT_PRODUCTS_DIR)/CoordinatorsTest.app/CoordinatorsTest";
			};
			name = Release;
		};
		F61A64EF27AC02F100348CB9 /* Debug */ = {
			isa = XCBuildConfiguration;
			buildSettings = {
				CLANG_ENABLE_MODULES = YES;
				CODE_SIGN_STYLE = Automatic;
				CURRENT_PROJECT_VERSION = 1;
				DEFINES_MODULE = YES;
				DYLIB_COMPATIBILITY_VERSION = 1;
				DYLIB_CURRENT_VERSION = 1;
				DYLIB_INSTALL_NAME_BASE = "@rpath";
				GENERATE_INFOPLIST_FILE = YES;
				INFOPLIST_KEY_NSHumanReadableCopyright = "";
				INSTALL_PATH = "$(LOCAL_LIBRARY_DIR)/Frameworks";
				IPHONEOS_DEPLOYMENT_TARGET = 15.2;
				LD_RUNPATH_SEARCH_PATHS = (
					"$(inherited)",
					"@executable_path/Frameworks",
					"@loader_path/Frameworks",
				);
				MARKETING_VERSION = 1.0;
				PRODUCT_BUNDLE_IDENTIFIER = com.kodeni.Data;
				PRODUCT_NAME = "$(TARGET_NAME:c99extidentifier)";
				SKIP_INSTALL = YES;
				SWIFT_EMIT_LOC_STRINGS = YES;
				SWIFT_OPTIMIZATION_LEVEL = "-Onone";
				SWIFT_VERSION = 5.0;
				TARGETED_DEVICE_FAMILY = "1,2";
				VERSIONING_SYSTEM = "apple-generic";
				VERSION_INFO_PREFIX = "";
			};
			name = Debug;
		};
		F61A64F027AC02F100348CB9 /* Release */ = {
			isa = XCBuildConfiguration;
			buildSettings = {
				CLANG_ENABLE_MODULES = YES;
				CODE_SIGN_STYLE = Automatic;
				CURRENT_PROJECT_VERSION = 1;
				DEFINES_MODULE = YES;
				DYLIB_COMPATIBILITY_VERSION = 1;
				DYLIB_CURRENT_VERSION = 1;
				DYLIB_INSTALL_NAME_BASE = "@rpath";
				GENERATE_INFOPLIST_FILE = YES;
				INFOPLIST_KEY_NSHumanReadableCopyright = "";
				INSTALL_PATH = "$(LOCAL_LIBRARY_DIR)/Frameworks";
				IPHONEOS_DEPLOYMENT_TARGET = 15.2;
				LD_RUNPATH_SEARCH_PATHS = (
					"$(inherited)",
					"@executable_path/Frameworks",
					"@loader_path/Frameworks",
				);
				MARKETING_VERSION = 1.0;
				PRODUCT_BUNDLE_IDENTIFIER = com.kodeni.Data;
				PRODUCT_NAME = "$(TARGET_NAME:c99extidentifier)";
				SKIP_INSTALL = YES;
				SWIFT_EMIT_LOC_STRINGS = YES;
				SWIFT_VERSION = 5.0;
				TARGETED_DEVICE_FAMILY = "1,2";
				VERSIONING_SYSTEM = "apple-generic";
				VERSION_INFO_PREFIX = "";
			};
			name = Release;
		};
		F61A64F227AC02F100348CB9 /* Debug */ = {
			isa = XCBuildConfiguration;
			buildSettings = {
				ALWAYS_EMBED_SWIFT_STANDARD_LIBRARIES = YES;
				CLANG_ENABLE_MODULES = YES;
				CODE_SIGN_STYLE = Automatic;
				CURRENT_PROJECT_VERSION = 1;
				GENERATE_INFOPLIST_FILE = YES;
				IPHONEOS_DEPLOYMENT_TARGET = 15.2;
				LD_RUNPATH_SEARCH_PATHS = (
					"$(inherited)",
					"@executable_path/Frameworks",
					"@loader_path/Frameworks",
				);
				MARKETING_VERSION = 1.0;
				PRODUCT_BUNDLE_IDENTIFIER = com.kodeni.DataTests;
				PRODUCT_NAME = "$(TARGET_NAME)";
				SWIFT_EMIT_LOC_STRINGS = NO;
				SWIFT_OPTIMIZATION_LEVEL = "-Onone";
				SWIFT_VERSION = 5.0;
				TARGETED_DEVICE_FAMILY = "1,2";
				TEST_HOST = "$(BUILT_PRODUCTS_DIR)/CoordinatorsTest.app/CoordinatorsTest";
			};
			name = Debug;
		};
		F61A64F327AC02F100348CB9 /* Release */ = {
			isa = XCBuildConfiguration;
			buildSettings = {
				ALWAYS_EMBED_SWIFT_STANDARD_LIBRARIES = YES;
				CLANG_ENABLE_MODULES = YES;
				CODE_SIGN_STYLE = Automatic;
				CURRENT_PROJECT_VERSION = 1;
				GENERATE_INFOPLIST_FILE = YES;
				IPHONEOS_DEPLOYMENT_TARGET = 15.2;
				LD_RUNPATH_SEARCH_PATHS = (
					"$(inherited)",
					"@executable_path/Frameworks",
					"@loader_path/Frameworks",
				);
				MARKETING_VERSION = 1.0;
				PRODUCT_BUNDLE_IDENTIFIER = com.kodeni.DataTests;
				PRODUCT_NAME = "$(TARGET_NAME)";
				SWIFT_EMIT_LOC_STRINGS = NO;
				SWIFT_VERSION = 5.0;
				TARGETED_DEVICE_FAMILY = "1,2";
				TEST_HOST = "$(BUILT_PRODUCTS_DIR)/CoordinatorsTest.app/CoordinatorsTest";
			};
			name = Release;
		};
		F6A878F727A958120029DC63 /* Debug */ = {
			isa = XCBuildConfiguration;
			buildSettings = {
				ALWAYS_SEARCH_USER_PATHS = NO;
				CLANG_ANALYZER_NONNULL = YES;
				CLANG_ANALYZER_NUMBER_OBJECT_CONVERSION = YES_AGGRESSIVE;
				CLANG_CXX_LANGUAGE_STANDARD = "gnu++17";
				CLANG_CXX_LIBRARY = "libc++";
				CLANG_ENABLE_MODULES = YES;
				CLANG_ENABLE_OBJC_ARC = YES;
				CLANG_ENABLE_OBJC_WEAK = YES;
				CLANG_WARN_BLOCK_CAPTURE_AUTORELEASING = YES;
				CLANG_WARN_BOOL_CONVERSION = YES;
				CLANG_WARN_COMMA = YES;
				CLANG_WARN_CONSTANT_CONVERSION = YES;
				CLANG_WARN_DEPRECATED_OBJC_IMPLEMENTATIONS = YES;
				CLANG_WARN_DIRECT_OBJC_ISA_USAGE = YES_ERROR;
				CLANG_WARN_DOCUMENTATION_COMMENTS = YES;
				CLANG_WARN_EMPTY_BODY = YES;
				CLANG_WARN_ENUM_CONVERSION = YES;
				CLANG_WARN_INFINITE_RECURSION = YES;
				CLANG_WARN_INT_CONVERSION = YES;
				CLANG_WARN_NON_LITERAL_NULL_CONVERSION = YES;
				CLANG_WARN_OBJC_IMPLICIT_RETAIN_SELF = YES;
				CLANG_WARN_OBJC_LITERAL_CONVERSION = YES;
				CLANG_WARN_OBJC_ROOT_CLASS = YES_ERROR;
				CLANG_WARN_QUOTED_INCLUDE_IN_FRAMEWORK_HEADER = YES;
				CLANG_WARN_RANGE_LOOP_ANALYSIS = YES;
				CLANG_WARN_STRICT_PROTOTYPES = YES;
				CLANG_WARN_SUSPICIOUS_MOVE = YES;
				CLANG_WARN_UNGUARDED_AVAILABILITY = YES_AGGRESSIVE;
				CLANG_WARN_UNREACHABLE_CODE = YES;
				CLANG_WARN__DUPLICATE_METHOD_MATCH = YES;
				COPY_PHASE_STRIP = NO;
				DEBUG_INFORMATION_FORMAT = dwarf;
				ENABLE_STRICT_OBJC_MSGSEND = YES;
				ENABLE_TESTABILITY = YES;
				GCC_C_LANGUAGE_STANDARD = gnu11;
				GCC_DYNAMIC_NO_PIC = NO;
				GCC_NO_COMMON_BLOCKS = YES;
				GCC_OPTIMIZATION_LEVEL = 0;
				GCC_PREPROCESSOR_DEFINITIONS = (
					"DEBUG=1",
					"$(inherited)",
				);
				GCC_WARN_64_TO_32_BIT_CONVERSION = YES;
				GCC_WARN_ABOUT_RETURN_TYPE = YES_ERROR;
				GCC_WARN_UNDECLARED_SELECTOR = YES;
				GCC_WARN_UNINITIALIZED_AUTOS = YES_AGGRESSIVE;
				GCC_WARN_UNUSED_FUNCTION = YES;
				GCC_WARN_UNUSED_VARIABLE = YES;
				IPHONEOS_DEPLOYMENT_TARGET = 15.0;
				MTL_ENABLE_DEBUG_INFO = INCLUDE_SOURCE;
				MTL_FAST_MATH = YES;
				ONLY_ACTIVE_ARCH = YES;
				SDKROOT = iphoneos;
				SWIFT_ACTIVE_COMPILATION_CONDITIONS = DEBUG;
				SWIFT_OPTIMIZATION_LEVEL = "-Onone";
			};
			name = Debug;
		};
		F6A878F827A958120029DC63 /* Release */ = {
			isa = XCBuildConfiguration;
			buildSettings = {
				ALWAYS_SEARCH_USER_PATHS = NO;
				CLANG_ANALYZER_NONNULL = YES;
				CLANG_ANALYZER_NUMBER_OBJECT_CONVERSION = YES_AGGRESSIVE;
				CLANG_CXX_LANGUAGE_STANDARD = "gnu++17";
				CLANG_CXX_LIBRARY = "libc++";
				CLANG_ENABLE_MODULES = YES;
				CLANG_ENABLE_OBJC_ARC = YES;
				CLANG_ENABLE_OBJC_WEAK = YES;
				CLANG_WARN_BLOCK_CAPTURE_AUTORELEASING = YES;
				CLANG_WARN_BOOL_CONVERSION = YES;
				CLANG_WARN_COMMA = YES;
				CLANG_WARN_CONSTANT_CONVERSION = YES;
				CLANG_WARN_DEPRECATED_OBJC_IMPLEMENTATIONS = YES;
				CLANG_WARN_DIRECT_OBJC_ISA_USAGE = YES_ERROR;
				CLANG_WARN_DOCUMENTATION_COMMENTS = YES;
				CLANG_WARN_EMPTY_BODY = YES;
				CLANG_WARN_ENUM_CONVERSION = YES;
				CLANG_WARN_INFINITE_RECURSION = YES;
				CLANG_WARN_INT_CONVERSION = YES;
				CLANG_WARN_NON_LITERAL_NULL_CONVERSION = YES;
				CLANG_WARN_OBJC_IMPLICIT_RETAIN_SELF = YES;
				CLANG_WARN_OBJC_LITERAL_CONVERSION = YES;
				CLANG_WARN_OBJC_ROOT_CLASS = YES_ERROR;
				CLANG_WARN_QUOTED_INCLUDE_IN_FRAMEWORK_HEADER = YES;
				CLANG_WARN_RANGE_LOOP_ANALYSIS = YES;
				CLANG_WARN_STRICT_PROTOTYPES = YES;
				CLANG_WARN_SUSPICIOUS_MOVE = YES;
				CLANG_WARN_UNGUARDED_AVAILABILITY = YES_AGGRESSIVE;
				CLANG_WARN_UNREACHABLE_CODE = YES;
				CLANG_WARN__DUPLICATE_METHOD_MATCH = YES;
				COPY_PHASE_STRIP = NO;
				DEBUG_INFORMATION_FORMAT = "dwarf-with-dsym";
				ENABLE_NS_ASSERTIONS = NO;
				ENABLE_STRICT_OBJC_MSGSEND = YES;
				GCC_C_LANGUAGE_STANDARD = gnu11;
				GCC_NO_COMMON_BLOCKS = YES;
				GCC_WARN_64_TO_32_BIT_CONVERSION = YES;
				GCC_WARN_ABOUT_RETURN_TYPE = YES_ERROR;
				GCC_WARN_UNDECLARED_SELECTOR = YES;
				GCC_WARN_UNINITIALIZED_AUTOS = YES_AGGRESSIVE;
				GCC_WARN_UNUSED_FUNCTION = YES;
				GCC_WARN_UNUSED_VARIABLE = YES;
				IPHONEOS_DEPLOYMENT_TARGET = 15.0;
				MTL_ENABLE_DEBUG_INFO = NO;
				MTL_FAST_MATH = YES;
				SDKROOT = iphoneos;
				SWIFT_COMPILATION_MODE = wholemodule;
				SWIFT_OPTIMIZATION_LEVEL = "-O";
				VALIDATE_PRODUCT = YES;
			};
			name = Release;
		};
		F6A878FA27A958120029DC63 /* Debug */ = {
			isa = XCBuildConfiguration;
			buildSettings = {
				ALWAYS_EMBED_SWIFT_STANDARD_LIBRARIES = YES;
				ASSETCATALOG_COMPILER_APPICON_NAME = AppIcon;
				ASSETCATALOG_COMPILER_GLOBAL_ACCENT_COLOR_NAME = AccentColor;
				CODE_SIGN_STYLE = Automatic;
				CURRENT_PROJECT_VERSION = 1;
				DEVELOPMENT_TEAM = 6E9N8D5GG3;
				GENERATE_INFOPLIST_FILE = YES;
				INFOPLIST_FILE = CoordinatorsTest/Info.plist;
				INFOPLIST_KEY_UIApplicationSupportsIndirectInputEvents = YES;
				INFOPLIST_KEY_UILaunchStoryboardName = LaunchScreen;
				INFOPLIST_KEY_UISupportedInterfaceOrientations = UIInterfaceOrientationPortrait;
				INFOPLIST_KEY_UISupportedInterfaceOrientations_iPad = "UIInterfaceOrientationPortrait UIInterfaceOrientationPortraitUpsideDown UIInterfaceOrientationLandscapeLeft UIInterfaceOrientationLandscapeRight";
				INFOPLIST_KEY_UISupportedInterfaceOrientations_iPhone = "UIInterfaceOrientationPortrait UIInterfaceOrientationLandscapeLeft UIInterfaceOrientationLandscapeRight";
				INFOPLIST_KEY_UIUserInterfaceStyle = Light;
				IPHONEOS_DEPLOYMENT_TARGET = 15.2;
				LD_RUNPATH_SEARCH_PATHS = (
					"$(inherited)",
					"@executable_path/Frameworks",
				);
				MARKETING_VERSION = 1.0;
				PRODUCT_BUNDLE_IDENTIFIER = com.kodeni.CoordinatorsTest;
				PRODUCT_NAME = "$(TARGET_NAME)";
				SWIFT_EMIT_LOC_STRINGS = YES;
				SWIFT_VERSION = 5.0;
				TARGETED_DEVICE_FAMILY = 1;
			};
			name = Debug;
		};
		F6A878FB27A958120029DC63 /* Release */ = {
			isa = XCBuildConfiguration;
			buildSettings = {
				ALWAYS_EMBED_SWIFT_STANDARD_LIBRARIES = YES;
				ASSETCATALOG_COMPILER_APPICON_NAME = AppIcon;
				ASSETCATALOG_COMPILER_GLOBAL_ACCENT_COLOR_NAME = AccentColor;
				CODE_SIGN_STYLE = Automatic;
				CURRENT_PROJECT_VERSION = 1;
				DEVELOPMENT_TEAM = 6E9N8D5GG3;
				GENERATE_INFOPLIST_FILE = YES;
				INFOPLIST_FILE = CoordinatorsTest/Info.plist;
				INFOPLIST_KEY_UIApplicationSupportsIndirectInputEvents = YES;
				INFOPLIST_KEY_UILaunchStoryboardName = LaunchScreen;
				INFOPLIST_KEY_UISupportedInterfaceOrientations = UIInterfaceOrientationPortrait;
				INFOPLIST_KEY_UISupportedInterfaceOrientations_iPad = "UIInterfaceOrientationPortrait UIInterfaceOrientationPortraitUpsideDown UIInterfaceOrientationLandscapeLeft UIInterfaceOrientationLandscapeRight";
				INFOPLIST_KEY_UISupportedInterfaceOrientations_iPhone = "UIInterfaceOrientationPortrait UIInterfaceOrientationLandscapeLeft UIInterfaceOrientationLandscapeRight";
				INFOPLIST_KEY_UIUserInterfaceStyle = Light;
				IPHONEOS_DEPLOYMENT_TARGET = 15.2;
				LD_RUNPATH_SEARCH_PATHS = (
					"$(inherited)",
					"@executable_path/Frameworks",
				);
				MARKETING_VERSION = 1.0;
				PRODUCT_BUNDLE_IDENTIFIER = com.kodeni.CoordinatorsTest;
				PRODUCT_NAME = "$(TARGET_NAME)";
				SWIFT_EMIT_LOC_STRINGS = YES;
				SWIFT_VERSION = 5.0;
				TARGETED_DEVICE_FAMILY = 1;
			};
			name = Release;
		};
/* End XCBuildConfiguration section */

/* Begin XCConfigurationList section */
		F61A64A127ABEDBB00348CB9 /* Build configuration list for PBXNativeTarget "CoordinatorsTestTests" */ = {
			isa = XCConfigurationList;
			buildConfigurations = (
				F61A64A227ABEDBB00348CB9 /* Debug */,
				F61A64A327ABEDBB00348CB9 /* Release */,
			);
			defaultConfigurationIsVisible = 0;
			defaultConfigurationName = Release;
		};
		F61A64BE27AC000700348CB9 /* Build configuration list for PBXNativeTarget "Domain" */ = {
			isa = XCConfigurationList;
			buildConfigurations = (
				F61A64BF27AC000700348CB9 /* Debug */,
				F61A64C027AC000700348CB9 /* Release */,
			);
			defaultConfigurationIsVisible = 0;
			defaultConfigurationName = Release;
		};
		F61A64C227AC000700348CB9 /* Build configuration list for PBXNativeTarget "DomainTests" */ = {
			isa = XCConfigurationList;
			buildConfigurations = (
				F61A64C327AC000700348CB9 /* Debug */,
				F61A64C427AC000700348CB9 /* Release */,
			);
			defaultConfigurationIsVisible = 0;
			defaultConfigurationName = Release;
		};
		F61A64EE27AC02F100348CB9 /* Build configuration list for PBXNativeTarget "Data" */ = {
			isa = XCConfigurationList;
			buildConfigurations = (
				F61A64EF27AC02F100348CB9 /* Debug */,
				F61A64F027AC02F100348CB9 /* Release */,
			);
			defaultConfigurationIsVisible = 0;
			defaultConfigurationName = Release;
		};
		F61A64F127AC02F100348CB9 /* Build configuration list for PBXNativeTarget "DataTests" */ = {
			isa = XCConfigurationList;
			buildConfigurations = (
				F61A64F227AC02F100348CB9 /* Debug */,
				F61A64F327AC02F100348CB9 /* Release */,
			);
			defaultConfigurationIsVisible = 0;
			defaultConfigurationName = Release;
		};
		F6A878E027A958100029DC63 /* Build configuration list for PBXProject "CoordinatorsTest" */ = {
			isa = XCConfigurationList;
			buildConfigurations = (
				F6A878F727A958120029DC63 /* Debug */,
				F6A878F827A958120029DC63 /* Release */,
			);
			defaultConfigurationIsVisible = 0;
			defaultConfigurationName = Release;
		};
		F6A878F927A958120029DC63 /* Build configuration list for PBXNativeTarget "CoordinatorsTest" */ = {
			isa = XCConfigurationList;
			buildConfigurations = (
				F6A878FA27A958120029DC63 /* Debug */,
				F6A878FB27A958120029DC63 /* Release */,
			);
			defaultConfigurationIsVisible = 0;
			defaultConfigurationName = Release;
		};
/* End XCConfigurationList section */
	};
	rootObject = F6A878DD27A958100029DC63 /* Project object */;
}
